// !$*UTF8*$!
{
	archiveVersion = 1;
	classes = {
	};
	objectVersion = 90;
	objects = {

/* Begin PBXBuildFile section */
		D90997932B2EFCBE002AB778 /* BSplineBasisReader.swift in Sources */ = {isa = PBXBuildFile; fileRef = D90997922B2EFCBE002AB778 /* BSplineBasisReader.swift */; };
		D90997952B2F30DF002AB778 /* BSplineBasisKnotEditor.swift in Sources */ = {isa = PBXBuildFile; fileRef = D90997942B2F30DF002AB778 /* BSplineBasisKnotEditor.swift */; };
		D90997972B2F50C9002AB778 /* BSplineSurfaceConstructor.swift in Sources */ = {isa = PBXBuildFile; fileRef = D90997962B2F50C9002AB778 /* BSplineSurfaceConstructor.swift */; };
		D90997992B303F3A002AB778 /* BSplineSurfaceProperties.swift in Sources */ = {isa = PBXBuildFile; fileRef = D90997982B303F3A002AB778 /* BSplineSurfaceProperties.swift */; };
		D909979B2B304229002AB778 /* BSplineSurfaceControlPointMatrix.swift in Sources */ = {isa = PBXBuildFile; fileRef = D909979A2B304229002AB778 /* BSplineSurfaceControlPointMatrix.swift */; };
		D909979D2B3044C5002AB778 /* BSplineSurfaceControlPointItem.swift in Sources */ = {isa = PBXBuildFile; fileRef = D909979C2B3044C5002AB778 /* BSplineSurfaceControlPointItem.swift */; };
		D90997A02B30B3E5002AB778 /* JSONObjectParser.swift in Sources */ = {isa = PBXBuildFile; fileRef = D909979F2B30B3E5002AB778 /* JSONObjectParser.swift */; };
		D90CCE262B71FA58006CA159 /* MatrixUtility.swift in Sources */ = {isa = PBXBuildFile; fileRef = D90CCE252B71FA58006CA159 /* MatrixUtility.swift */; };
		D911CB6D2BFC0B7800D119DD /* GuidedSurfaceConstructor.swift in Sources */ = {isa = PBXBuildFile; fileRef = D911CB6C2BFC0B7800D119DD /* GuidedSurfaceConstructor.swift */; };
		D91FF4372BDEFD9800704225 /* PointSetProperties.swift in Sources */ = {isa = PBXBuildFile; fileRef = D91FF4362BDEFD9800704225 /* PointSetProperties.swift */; };
		D91FF43A2BE04E5B00704225 /* LineSegmentsProperties.swift in Sources */ = {isa = PBXBuildFile; fileRef = D91FF4392BE04E5B00704225 /* LineSegmentsProperties.swift */; };
		D920A6C22B3A897E0058D5E5 /* ModelFileDocument.swift in Sources */ = {isa = PBXBuildFile; fileRef = D920A6C12B3A897E0058D5E5 /* ModelFileDocument.swift */; };
		D9338BF12B477C3A002A3FFE /* PointSet.swift in Sources */ = {isa = PBXBuildFile; fileRef = D9338BF02B477C3A002A3FFE /* PointSet.swift */; };
		D938B2FC2B8EDE940004BBFE /* CameraPanel.swift in Sources */ = {isa = PBXBuildFile; fileRef = D938B2FB2B8EDE940004BBFE /* CameraPanel.swift */; };
		D93E95DB2B8F272A001D5AEA /* LightPanel.swift in Sources */ = {isa = PBXBuildFile; fileRef = D93E95DA2B8F272A001D5AEA /* LightPanel.swift */; };
		D93E95DD2B8F28B1001D5AEA /* MiscellaneousPanel.swift in Sources */ = {isa = PBXBuildFile; fileRef = D93E95DC2B8F28B1001D5AEA /* MiscellaneousPanel.swift */; };
		D93E95DF2B904609001D5AEA /* IntersectionPointPanel.swift in Sources */ = {isa = PBXBuildFile; fileRef = D93E95DE2B904609001D5AEA /* IntersectionPointPanel.swift */; };
		D93E95E32B904809001D5AEA /* PlainPointSetPanel.swift in Sources */ = {isa = PBXBuildFile; fileRef = D93E95E22B904809001D5AEA /* PlainPointSetPanel.swift */; };
		D93E95E62B904C1D001D5AEA /* TableStringItem.swift in Sources */ = {isa = PBXBuildFile; fileRef = D93E95E52B904C1D001D5AEA /* TableStringItem.swift */; };
		D93E95E92B905B1B001D5AEA /* SurfaceProjection.swift in Sources */ = {isa = PBXBuildFile; fileRef = D93E95E82B905B1B001D5AEA /* SurfaceProjection.swift */; };
		D93E95ED2B9093A8001D5AEA /* LineSegments.swift in Sources */ = {isa = PBXBuildFile; fileRef = D93E95EC2B9093A8001D5AEA /* LineSegments.swift */; };
		D93E95EF2B90E185001D5AEA /* CurveProjection.swift in Sources */ = {isa = PBXBuildFile; fileRef = D93E95EE2B90E185001D5AEA /* CurveProjection.swift */; };
		D93E95F12B922C95001D5AEA /* BSplineBasisUtilities.swift in Sources */ = {isa = PBXBuildFile; fileRef = D93E95F02B922C95001D5AEA /* BSplineBasisUtilities.swift */; };
		D93E95F32B924B1A001D5AEA /* BSplineCurveUtilities.swift in Sources */ = {isa = PBXBuildFile; fileRef = D93E95F22B924B1A001D5AEA /* BSplineCurveUtilities.swift */; };
		D93E95F52B927CA4001D5AEA /* BSplineSurfaceUtilities.swift in Sources */ = {isa = PBXBuildFile; fileRef = D93E95F42B927CA4001D5AEA /* BSplineSurfaceUtilities.swift */; };
		D93E95F72B9334DC001D5AEA /* CurveIntersection.swift in Sources */ = {isa = PBXBuildFile; fileRef = D93E95F62B9334DC001D5AEA /* CurveIntersection.swift */; };
		D93E95FB2B9474EF001D5AEA /* BSplineCurveCombiner.swift in Sources */ = {isa = PBXBuildFile; fileRef = D93E95FA2B9474EF001D5AEA /* BSplineCurveCombiner.swift */; };
		D941F33F2B2ADAAE0037E241 /* PropertyPanel.swift in Sources */ = {isa = PBXBuildFile; fileRef = D941F33E2B2ADAAE0037E241 /* PropertyPanel.swift */; };
		D941F3432B2AE6440037E241 /* BSplineCurveProperties.swift in Sources */ = {isa = PBXBuildFile; fileRef = D941F3422B2AE6440037E241 /* BSplineCurveProperties.swift */; };
		D941F3452B2AE7DC0037E241 /* BSplineBasisChart.swift in Sources */ = {isa = PBXBuildFile; fileRef = D941F3442B2AE7DC0037E241 /* BSplineBasisChart.swift */; };
		D941F3472B2B52830037E241 /* BSplineCurveControlPointList.swift in Sources */ = {isa = PBXBuildFile; fileRef = D941F3462B2B52830037E241 /* BSplineCurveControlPointList.swift */; };
		D941F3492B2C34C00037E241 /* BSplineCurveControlPointItem.swift in Sources */ = {isa = PBXBuildFile; fileRef = D941F3482B2C34C00037E241 /* BSplineCurveControlPointItem.swift */; };
		D941F34B2B2C62BA0037E241 /* BSplineSurface.swift in Sources */ = {isa = PBXBuildFile; fileRef = D941F34A2B2C62BA0037E241 /* BSplineSurface.swift */; };
		D94BDDAA2C844A1200BB3B79 /* CurveSampler.swift in Sources */ = {isa = PBXBuildFile; fileRef = D94BDDA92C844A1100BB3B79 /* CurveSampler.swift */; };
		D94BDDAC2C8470B500BB3B79 /* LSFSurfaceConstructor.swift in Sources */ = {isa = PBXBuildFile; fileRef = D94BDDAB2C8470B500BB3B79 /* LSFSurfaceConstructor.swift */; };
		D94FF25C2AD682C60019F211 /* PhantomApp.swift in Sources */ = {isa = PBXBuildFile; fileRef = D94FF25B2AD682C60019F211 /* PhantomApp.swift */; };
		D94FF25E2AD682C60019F211 /* ContentView.swift in Sources */ = {isa = PBXBuildFile; fileRef = D94FF25D2AD682C60019F211 /* ContentView.swift */; };
		D94FF2622AD682C70019F211 /* Assets.xcassets in Resources */ = {isa = PBXBuildFile; fileRef = D94FF2612AD682C70019F211 /* Assets.xcassets */; };
		D94FF2652AD682C70019F211 /* Preview Assets.xcassets in Resources */ = {isa = PBXBuildFile; fileRef = D94FF2642AD682C70019F211 /* Preview Assets.xcassets */; };
		D94FF26E2AD69D120019F211 /* MetalView.swift in Sources */ = {isa = PBXBuildFile; fileRef = D94FF26D2AD69D120019F211 /* MetalView.swift */; };
		D94FF2712AD6D2580019F211 /* Renderer.swift in Sources */ = {isa = PBXBuildFile; fileRef = D94FF2702AD6D2580019F211 /* Renderer.swift */; };
		D94FF2742AD805AD0019F211 /* shaders.metal in Sources */ = {isa = PBXBuildFile; fileRef = D94FF2732AD805AD0019F211 /* shaders.metal */; };
		D970BA912B62E2E100BF6991 /* LoftedSurfaceConstructor.swift in Sources */ = {isa = PBXBuildFile; fileRef = D970BA902B62E2E100BF6991 /* LoftedSurfaceConstructor.swift */; };
		D970BA942B65442900BF6991 /* LowGordonSurfaceConstructor.swift in Sources */ = {isa = PBXBuildFile; fileRef = D970BA932B65442900BF6991 /* LowGordonSurfaceConstructor.swift */; };
		D97338ED2CC3CFBD0017949D /* CurveNetworkExtractionView.swift in Sources */ = {isa = PBXBuildFile; fileRef = D97338EC2CC3CFBD0017949D /* CurveNetworkExtractionView.swift */; };
		D97422DD2B6BBEA700C4B489 /* BSplineApproximator.swift in Sources */ = {isa = PBXBuildFile; fileRef = D97422DC2B6BBEA700C4B489 /* BSplineApproximator.swift */; };
		D97852412B77CB5B00233932 /* BSplineBasisComputeGraph.swift in Sources */ = {isa = PBXBuildFile; fileRef = D97852402B77CB5B00233932 /* BSplineBasisComputeGraph.swift */; };
		D97B71A82B5D0C8800249AC3 /* BSplineInterpolator.swift in Sources */ = {isa = PBXBuildFile; fileRef = D97B71A72B5D0C8800249AC3 /* BSplineInterpolator.swift */; };
		D97C4B352B0E0C0D00010A96 /* lighting.metal in Sources */ = {isa = PBXBuildFile; fileRef = D97C4B342B0E0C0D00010A96 /* lighting.metal */; };
		D97C4B3E2B0F338E00010A96 /* SceneNode.swift in Sources */ = {isa = PBXBuildFile; fileRef = D97C4B3D2B0F338E00010A96 /* SceneNode.swift */; };
		D97C4B412B0F533600010A96 /* Drawable.swift in Sources */ = {isa = PBXBuildFile; fileRef = D97C4B402B0F533600010A96 /* Drawable.swift */; };
		D97C4B452B11D47500010A96 /* MetalSystem.swift in Sources */ = {isa = PBXBuildFile; fileRef = D97C4B442B11D47500010A96 /* MetalSystem.swift */; };
		D97C4B472B11D6EE00010A96 /* SceneGraph.swift in Sources */ = {isa = PBXBuildFile; fileRef = D97C4B462B11D6EE00010A96 /* SceneGraph.swift */; };
		D97C4B492B11E56700010A96 /* SceneNodeView.swift in Sources */ = {isa = PBXBuildFile; fileRef = D97C4B482B11E56700010A96 /* SceneNodeView.swift */; };
		D97C4B4E2B17420200010A96 /* DrawableTable.swift in Sources */ = {isa = PBXBuildFile; fileRef = D97C4B4D2B17420200010A96 /* DrawableTable.swift */; };
		D97C4B522B17697A00010A96 /* LineEditor.swift in Sources */ = {isa = PBXBuildFile; fileRef = D97C4B512B17697A00010A96 /* LineEditor.swift */; };
		D97C4B542B18FF8C00010A96 /* Quad.swift in Sources */ = {isa = PBXBuildFile; fileRef = D97C4B532B18FF8C00010A96 /* Quad.swift */; };
		D983113F2B99CDD300FEC39A /* NumericalError.swift in Sources */ = {isa = PBXBuildFile; fileRef = D983113E2B99CDD300FEC39A /* NumericalError.swift */; };
		D9974F522B1DD1DC00E5D5BD /* MaterialList.swift in Sources */ = {isa = PBXBuildFile; fileRef = D9974F512B1DD1DC00E5D5BD /* MaterialList.swift */; };
		D9974F542B1EA03D00E5D5BD /* MaterialWrapper.swift in Sources */ = {isa = PBXBuildFile; fileRef = D9974F532B1EA03D00E5D5BD /* MaterialWrapper.swift */; };
		D99B19652B2D82D000CD2A4E /* tessellation.metal in Sources */ = {isa = PBXBuildFile; fileRef = D99B19642B2D82D000CD2A4E /* tessellation.metal */; };
		D99B19682B2DE7AD00CD2A4E /* Tessellator.swift in Sources */ = {isa = PBXBuildFile; fileRef = D99B19672B2DE7AD00CD2A4E /* Tessellator.swift */; };
		D99E7C122C381D8A009B17CF /* PhantomUnitTests.swift in Sources */ = {isa = PBXBuildFile; fileRef = D99E7C112C381D8A009B17CF /* PhantomUnitTests.swift */; };
		D9A012142B09DCD4009E6614 /* ScalarPicker.swift in Sources */ = {isa = PBXBuildFile; fileRef = D9A012132B09DCD4009E6614 /* ScalarPicker.swift */; };
		D9A012162B09FE84009E6614 /* VectorPicker.swift in Sources */ = {isa = PBXBuildFile; fileRef = D9A012152B09FE84009E6614 /* VectorPicker.swift */; };
		D9A012182B0B2692009E6614 /* Axes.swift in Sources */ = {isa = PBXBuildFile; fileRef = D9A012172B0B2692009E6614 /* Axes.swift */; };
		D9A25CEA2B46348400BC36CB /* AxisAlignedBoundingBox.swift in Sources */ = {isa = PBXBuildFile; fileRef = D9A25CE92B46348400BC36CB /* AxisAlignedBoundingBox.swift */; };
		D9A25CED2B4750A000BC36CB /* PointSetConstructor.swift in Sources */ = {isa = PBXBuildFile; fileRef = D9A25CEC2B4750A000BC36CB /* PointSetConstructor.swift */; };
		D9AFC6962B1A775800D963E9 /* AssetCollection.swift in Sources */ = {isa = PBXBuildFile; fileRef = D9AFC6952B1A775800D963E9 /* AssetCollection.swift */; };
		D9AFC6982B1BA6A200D963E9 /* brdf.metal in Sources */ = {isa = PBXBuildFile; fileRef = D9AFC6972B1BA6A200D963E9 /* brdf.metal */; };
		D9AFC69A2B1CC74100D963E9 /* complex.metal in Sources */ = {isa = PBXBuildFile; fileRef = D9AFC6992B1CC74100D963E9 /* complex.metal */; };
		D9C74D892ADD504A006F9E47 /* Camera.swift in Sources */ = {isa = PBXBuildFile; fileRef = D9C74D882ADD504A006F9E47 /* Camera.swift */; };
		D9C74D8B2ADD5936006F9E47 /* CameraController.swift in Sources */ = {isa = PBXBuildFile; fileRef = D9C74D8A2ADD5936006F9E47 /* CameraController.swift */; };
		D9C74D8E2ADD6D0F006F9E47 /* FPSController.swift in Sources */ = {isa = PBXBuildFile; fileRef = D9C74D8D2ADD6D0F006F9E47 /* FPSController.swift */; };
		D9C74DAE2ADDA646006F9E47 /* ShaderData.swift in Sources */ = {isa = PBXBuildFile; fileRef = D9C74DAD2ADDA646006F9E47 /* ShaderData.swift */; };
		D9D2EDA42B607B72008D9660 /* BSplineInterpolatedCurveConstructor.swift in Sources */ = {isa = PBXBuildFile; fileRef = D9D2EDA32B607B72008D9660 /* BSplineInterpolatedCurveConstructor.swift */; };
		D9DDC2902D86B19400FB83A7 /* SIMD+UVSTPQ.swift in Sources */ = {isa = PBXBuildFile; fileRef = D9DDC28F2D86B19400FB83A7 /* SIMD+UVSTPQ.swift */; };
		D9DDC2922D86BAC700FB83A7 /* FloatingPoint+Sampler.swift in Sources */ = {isa = PBXBuildFile; fileRef = D9DDC2912D86BAC700FB83A7 /* FloatingPoint+Sampler.swift */; };
		D9E757B02CCE044F00B640B3 /* CurveSamplePointSetPanel.swift in Sources */ = {isa = PBXBuildFile; fileRef = D9E757AF2CCE044F00B640B3 /* CurveSamplePointSetPanel.swift */; };
		D9E757B32CCE245700B640B3 /* CurvesToSurfaceProjectorView.swift in Sources */ = {isa = PBXBuildFile; fileRef = D9E757B22CCE245700B640B3 /* CurvesToSurfaceProjectorView.swift */; };
		D9E757B72CCE50E300B640B3 /* PointsToSurfaceProjectorView.swift in Sources */ = {isa = PBXBuildFile; fileRef = D9E757B62CCE50E300B640B3 /* PointsToSurfaceProjectorView.swift */; };
		D9E757BA2CCFBE0200B640B3 /* DataFormatConverter.py in Resources */ = {isa = PBXBuildFile; fileRef = D9E757B92CCFBDEE00B640B3 /* DataFormatConverter.py */; };
		D9EE966E2B449289002F8D12 /* BézeirCurve.swift in Sources */ = {isa = PBXBuildFile; fileRef = D9EE966D2B449289002F8D12 /* BézeirCurve.swift */; };
		D9EE96702B44930C002F8D12 /* BernsteinBasis.swift in Sources */ = {isa = PBXBuildFile; fileRef = D9EE966F2B44930C002F8D12 /* BernsteinBasis.swift */; };
		D9EE96722B44961C002F8D12 /* bernstein.metal in Sources */ = {isa = PBXBuildFile; fileRef = D9EE96712B44961C002F8D12 /* bernstein.metal */; };
		D9EE96742B449E7D002F8D12 /* BernsteinBasisReader.swift in Sources */ = {isa = PBXBuildFile; fileRef = D9EE96732B449E7D002F8D12 /* BernsteinBasisReader.swift */; };
		D9EE96762B44B240002F8D12 /* BernsteinBasisChart.swift in Sources */ = {isa = PBXBuildFile; fileRef = D9EE96752B44B240002F8D12 /* BernsteinBasisChart.swift */; };
		D9EE96782B44B53F002F8D12 /* BézierCurveConstructor.swift in Sources */ = {isa = PBXBuildFile; fileRef = D9EE96772B44B53F002F8D12 /* BézierCurveConstructor.swift */; };
		D9EE967A2B44B89F002F8D12 /* BézierCurveProperties.swift in Sources */ = {isa = PBXBuildFile; fileRef = D9EE96792B44B89F002F8D12 /* BézierCurveProperties.swift */; };
		D9EE967C2B44BBF1002F8D12 /* BézierCurveControlPointList.swift in Sources */ = {isa = PBXBuildFile; fileRef = D9EE967B2B44BBF1002F8D12 /* BézierCurveControlPointList.swift */; };
		D9EE96812B44BC7F002F8D12 /* BézierCurveControlPointItem.swift in Sources */ = {isa = PBXBuildFile; fileRef = D9EE96802B44BC7F002F8D12 /* BézierCurveControlPointItem.swift */; };
		D9F2D8BA2B08C021000726F6 /* FloatPicker.swift in Sources */ = {isa = PBXBuildFile; fileRef = D9F2D8B92B08C021000726F6 /* FloatPicker.swift */; };
		D9F2DE912B3AD51C001AF2E3 /* GordonSurfaceConstructor.swift in Sources */ = {isa = PBXBuildFile; fileRef = D9F2DE902B3AD51C001AF2E3 /* GordonSurfaceConstructor.swift */; };
		D9F2DE932B3AF76C001AF2E3 /* GordonSurface.swift in Sources */ = {isa = PBXBuildFile; fileRef = D9F2DE922B3AF76C001AF2E3 /* GordonSurface.swift */; };
		D9F3CB102B0C73B2009D999E /* Particle.swift in Sources */ = {isa = PBXBuildFile; fileRef = D9F3CB0F2B0C73B2009D999E /* Particle.swift */; };
		D9F3CB122B0C76A7009D999E /* Liquid.swift in Sources */ = {isa = PBXBuildFile; fileRef = D9F3CB112B0C76A7009D999E /* Liquid.swift */; };
		D9FAABAA2B20282F0054DD3D /* BSplineCurve.swift in Sources */ = {isa = PBXBuildFile; fileRef = D9FAABA92B20282F0054DD3D /* BSplineCurve.swift */; };
		D9FAABAC2B20497A0054DD3D /* BSplineBasis.swift in Sources */ = {isa = PBXBuildFile; fileRef = D9FAABAB2B20497A0054DD3D /* BSplineBasis.swift */; };
		D9FAABAE2B2124DA0054DD3D /* spline.metal in Sources */ = {isa = PBXBuildFile; fileRef = D9FAABAD2B2124DA0054DD3D /* spline.metal */; };
		D9FAABB22B25A6170054DD3D /* ModelLoader.swift in Sources */ = {isa = PBXBuildFile; fileRef = D9FAABB12B25A6170054DD3D /* ModelLoader.swift */; };
		D9FAABB42B25A7000054DD3D /* BSplineCurveConstructor.swift in Sources */ = {isa = PBXBuildFile; fileRef = D9FAABB32B25A7000054DD3D /* BSplineCurveConstructor.swift */; };
/* End PBXBuildFile section */

/* Begin PBXContainerItemProxy section */
		D99E7C132C381D8A009B17CF /* PBXContainerItemProxy */ = {
			isa = PBXContainerItemProxy;
			containerPortal = D94FF2502AD682C60019F211 /* Project object */;
			proxyType = 1;
			remoteGlobalIDString = D94FF2572AD682C60019F211;
			remoteInfo = Phantom;
		};
/* End PBXContainerItemProxy section */

/* Begin PBXFileReference section */
		D90997922B2EFCBE002AB778 /* BSplineBasisReader.swift */ = {isa = PBXFileReference; lastKnownFileType = sourcecode.swift; path = BSplineBasisReader.swift; sourceTree = "<group>"; };
		D90997942B2F30DF002AB778 /* BSplineBasisKnotEditor.swift */ = {isa = PBXFileReference; lastKnownFileType = sourcecode.swift; path = BSplineBasisKnotEditor.swift; sourceTree = "<group>"; };
		D90997962B2F50C9002AB778 /* BSplineSurfaceConstructor.swift */ = {isa = PBXFileReference; lastKnownFileType = sourcecode.swift; path = BSplineSurfaceConstructor.swift; sourceTree = "<group>"; };
		D90997982B303F3A002AB778 /* BSplineSurfaceProperties.swift */ = {isa = PBXFileReference; lastKnownFileType = sourcecode.swift; path = BSplineSurfaceProperties.swift; sourceTree = "<group>"; };
		D909979A2B304229002AB778 /* BSplineSurfaceControlPointMatrix.swift */ = {isa = PBXFileReference; lastKnownFileType = sourcecode.swift; path = BSplineSurfaceControlPointMatrix.swift; sourceTree = "<group>"; };
		D909979C2B3044C5002AB778 /* BSplineSurfaceControlPointItem.swift */ = {isa = PBXFileReference; lastKnownFileType = sourcecode.swift; path = BSplineSurfaceControlPointItem.swift; sourceTree = "<group>"; };
		D909979F2B30B3E5002AB778 /* JSONObjectParser.swift */ = {isa = PBXFileReference; lastKnownFileType = sourcecode.swift; path = JSONObjectParser.swift; sourceTree = "<group>"; };
		D90CCE252B71FA58006CA159 /* MatrixUtility.swift */ = {isa = PBXFileReference; lastKnownFileType = sourcecode.swift; path = MatrixUtility.swift; sourceTree = "<group>"; };
		D911CB6C2BFC0B7800D119DD /* GuidedSurfaceConstructor.swift */ = {isa = PBXFileReference; lastKnownFileType = sourcecode.swift; path = GuidedSurfaceConstructor.swift; sourceTree = "<group>"; };
		D91FF4362BDEFD9800704225 /* PointSetProperties.swift */ = {isa = PBXFileReference; lastKnownFileType = sourcecode.swift; path = PointSetProperties.swift; sourceTree = "<group>"; };
		D91FF4392BE04E5B00704225 /* LineSegmentsProperties.swift */ = {isa = PBXFileReference; lastKnownFileType = sourcecode.swift; path = LineSegmentsProperties.swift; sourceTree = "<group>"; };
		D920A6C12B3A897E0058D5E5 /* ModelFileDocument.swift */ = {isa = PBXFileReference; lastKnownFileType = sourcecode.swift; path = ModelFileDocument.swift; sourceTree = "<group>"; };
		D9338BF02B477C3A002A3FFE /* PointSet.swift */ = {isa = PBXFileReference; lastKnownFileType = sourcecode.swift; path = PointSet.swift; sourceTree = "<group>"; };
		D938B2FB2B8EDE940004BBFE /* CameraPanel.swift */ = {isa = PBXFileReference; lastKnownFileType = sourcecode.swift; path = CameraPanel.swift; sourceTree = "<group>"; };
		D93E95DA2B8F272A001D5AEA /* LightPanel.swift */ = {isa = PBXFileReference; lastKnownFileType = sourcecode.swift; path = LightPanel.swift; sourceTree = "<group>"; };
		D93E95DC2B8F28B1001D5AEA /* MiscellaneousPanel.swift */ = {isa = PBXFileReference; lastKnownFileType = sourcecode.swift; path = MiscellaneousPanel.swift; sourceTree = "<group>"; };
		D93E95DE2B904609001D5AEA /* IntersectionPointPanel.swift */ = {isa = PBXFileReference; lastKnownFileType = sourcecode.swift; path = IntersectionPointPanel.swift; sourceTree = "<group>"; };
		D93E95E22B904809001D5AEA /* PlainPointSetPanel.swift */ = {isa = PBXFileReference; lastKnownFileType = sourcecode.swift; path = PlainPointSetPanel.swift; sourceTree = "<group>"; };
		D93E95E52B904C1D001D5AEA /* TableStringItem.swift */ = {isa = PBXFileReference; lastKnownFileType = sourcecode.swift; path = TableStringItem.swift; sourceTree = "<group>"; };
		D93E95E82B905B1B001D5AEA /* SurfaceProjection.swift */ = {isa = PBXFileReference; lastKnownFileType = sourcecode.swift; path = SurfaceProjection.swift; sourceTree = "<group>"; };
		D93E95EC2B9093A8001D5AEA /* LineSegments.swift */ = {isa = PBXFileReference; lastKnownFileType = sourcecode.swift; path = LineSegments.swift; sourceTree = "<group>"; };
		D93E95EE2B90E185001D5AEA /* CurveProjection.swift */ = {isa = PBXFileReference; lastKnownFileType = sourcecode.swift; path = CurveProjection.swift; sourceTree = "<group>"; };
		D93E95F02B922C95001D5AEA /* BSplineBasisUtilities.swift */ = {isa = PBXFileReference; lastKnownFileType = sourcecode.swift; path = BSplineBasisUtilities.swift; sourceTree = "<group>"; };
		D93E95F22B924B1A001D5AEA /* BSplineCurveUtilities.swift */ = {isa = PBXFileReference; lastKnownFileType = sourcecode.swift; path = BSplineCurveUtilities.swift; sourceTree = "<group>"; };
		D93E95F42B927CA4001D5AEA /* BSplineSurfaceUtilities.swift */ = {isa = PBXFileReference; lastKnownFileType = sourcecode.swift; path = BSplineSurfaceUtilities.swift; sourceTree = "<group>"; };
		D93E95F62B9334DC001D5AEA /* CurveIntersection.swift */ = {isa = PBXFileReference; lastKnownFileType = sourcecode.swift; path = CurveIntersection.swift; sourceTree = "<group>"; };
		D93E95FA2B9474EF001D5AEA /* BSplineCurveCombiner.swift */ = {isa = PBXFileReference; lastKnownFileType = sourcecode.swift; path = BSplineCurveCombiner.swift; sourceTree = "<group>"; };
		D941F33E2B2ADAAE0037E241 /* PropertyPanel.swift */ = {isa = PBXFileReference; lastKnownFileType = sourcecode.swift; path = PropertyPanel.swift; sourceTree = "<group>"; };
		D941F3422B2AE6440037E241 /* BSplineCurveProperties.swift */ = {isa = PBXFileReference; lastKnownFileType = sourcecode.swift; path = BSplineCurveProperties.swift; sourceTree = "<group>"; };
		D941F3442B2AE7DC0037E241 /* BSplineBasisChart.swift */ = {isa = PBXFileReference; lastKnownFileType = sourcecode.swift; path = BSplineBasisChart.swift; sourceTree = "<group>"; };
		D941F3462B2B52830037E241 /* BSplineCurveControlPointList.swift */ = {isa = PBXFileReference; lastKnownFileType = sourcecode.swift; path = BSplineCurveControlPointList.swift; sourceTree = "<group>"; };
		D941F3482B2C34C00037E241 /* BSplineCurveControlPointItem.swift */ = {isa = PBXFileReference; lastKnownFileType = sourcecode.swift; path = BSplineCurveControlPointItem.swift; sourceTree = "<group>"; };
		D941F34A2B2C62BA0037E241 /* BSplineSurface.swift */ = {isa = PBXFileReference; lastKnownFileType = sourcecode.swift; path = BSplineSurface.swift; sourceTree = "<group>"; };
		D94BDDA92C844A1100BB3B79 /* CurveSampler.swift */ = {isa = PBXFileReference; lastKnownFileType = sourcecode.swift; path = CurveSampler.swift; sourceTree = "<group>"; };
		D94BDDAB2C8470B500BB3B79 /* LSFSurfaceConstructor.swift */ = {isa = PBXFileReference; lastKnownFileType = sourcecode.swift; path = LSFSurfaceConstructor.swift; sourceTree = "<group>"; };
		D94FF2582AD682C60019F211 /* Phantom.app */ = {isa = PBXFileReference; explicitFileType = wrapper.application; includeInIndex = 0; path = Phantom.app; sourceTree = BUILT_PRODUCTS_DIR; };
		D94FF25B2AD682C60019F211 /* PhantomApp.swift */ = {isa = PBXFileReference; lastKnownFileType = sourcecode.swift; path = PhantomApp.swift; sourceTree = "<group>"; };
		D94FF25D2AD682C60019F211 /* ContentView.swift */ = {isa = PBXFileReference; lastKnownFileType = sourcecode.swift; path = ContentView.swift; sourceTree = "<group>"; };
		D94FF2612AD682C70019F211 /* Assets.xcassets */ = {isa = PBXFileReference; lastKnownFileType = folder.assetcatalog; path = Assets.xcassets; sourceTree = "<group>"; };
		D94FF2642AD682C70019F211 /* Preview Assets.xcassets */ = {isa = PBXFileReference; lastKnownFileType = folder.assetcatalog; path = "Preview Assets.xcassets"; sourceTree = "<group>"; };
		D94FF2662AD682C70019F211 /* Phantom.entitlements */ = {isa = PBXFileReference; lastKnownFileType = text.plist.entitlements; path = Phantom.entitlements; sourceTree = "<group>"; };
		D94FF26D2AD69D120019F211 /* MetalView.swift */ = {isa = PBXFileReference; lastKnownFileType = sourcecode.swift; path = MetalView.swift; sourceTree = "<group>"; };
		D94FF2702AD6D2580019F211 /* Renderer.swift */ = {isa = PBXFileReference; lastKnownFileType = sourcecode.swift; path = Renderer.swift; sourceTree = "<group>"; };
		D94FF2732AD805AD0019F211 /* shaders.metal */ = {isa = PBXFileReference; lastKnownFileType = sourcecode.metal; path = shaders.metal; sourceTree = "<group>"; };
		D970BA902B62E2E100BF6991 /* LoftedSurfaceConstructor.swift */ = {isa = PBXFileReference; lastKnownFileType = sourcecode.swift; path = LoftedSurfaceConstructor.swift; sourceTree = "<group>"; };
		D970BA932B65442900BF6991 /* LowGordonSurfaceConstructor.swift */ = {isa = PBXFileReference; lastKnownFileType = sourcecode.swift; path = LowGordonSurfaceConstructor.swift; sourceTree = "<group>"; };
		D97338EC2CC3CFBD0017949D /* CurveNetworkExtractionView.swift */ = {isa = PBXFileReference; lastKnownFileType = sourcecode.swift; path = CurveNetworkExtractionView.swift; sourceTree = "<group>"; };
		D97422DC2B6BBEA700C4B489 /* BSplineApproximator.swift */ = {isa = PBXFileReference; lastKnownFileType = sourcecode.swift; path = BSplineApproximator.swift; sourceTree = "<group>"; };
		D97852402B77CB5B00233932 /* BSplineBasisComputeGraph.swift */ = {isa = PBXFileReference; lastKnownFileType = sourcecode.swift; path = BSplineBasisComputeGraph.swift; sourceTree = "<group>"; };
		D97B71A72B5D0C8800249AC3 /* BSplineInterpolator.swift */ = {isa = PBXFileReference; lastKnownFileType = sourcecode.swift; path = BSplineInterpolator.swift; sourceTree = "<group>"; };
		D97C4B322B0E05BE00010A96 /* data-types.h */ = {isa = PBXFileReference; lastKnownFileType = sourcecode.c.h; path = "data-types.h"; sourceTree = "<group>"; };
		D97C4B332B0E063900010A96 /* pch.h */ = {isa = PBXFileReference; lastKnownFileType = sourcecode.c.h; path = pch.h; sourceTree = "<group>"; };
		D97C4B342B0E0C0D00010A96 /* lighting.metal */ = {isa = PBXFileReference; lastKnownFileType = sourcecode.metal; path = lighting.metal; sourceTree = "<group>"; };
		D97C4B362B0E0C4700010A96 /* lighting.h */ = {isa = PBXFileReference; lastKnownFileType = sourcecode.c.h; path = lighting.h; sourceTree = "<group>"; };
		D97C4B3D2B0F338E00010A96 /* SceneNode.swift */ = {isa = PBXFileReference; lastKnownFileType = sourcecode.swift; path = SceneNode.swift; sourceTree = "<group>"; };
		D97C4B402B0F533600010A96 /* Drawable.swift */ = {isa = PBXFileReference; lastKnownFileType = sourcecode.swift; path = Drawable.swift; sourceTree = "<group>"; };
		D97C4B442B11D47500010A96 /* MetalSystem.swift */ = {isa = PBXFileReference; lastKnownFileType = sourcecode.swift; path = MetalSystem.swift; sourceTree = "<group>"; };
		D97C4B462B11D6EE00010A96 /* SceneGraph.swift */ = {isa = PBXFileReference; lastKnownFileType = sourcecode.swift; path = SceneGraph.swift; sourceTree = "<group>"; };
		D97C4B482B11E56700010A96 /* SceneNodeView.swift */ = {isa = PBXFileReference; lastKnownFileType = sourcecode.swift; path = SceneNodeView.swift; sourceTree = "<group>"; };
		D97C4B4D2B17420200010A96 /* DrawableTable.swift */ = {isa = PBXFileReference; lastKnownFileType = sourcecode.swift; path = DrawableTable.swift; sourceTree = "<group>"; };
		D97C4B512B17697A00010A96 /* LineEditor.swift */ = {isa = PBXFileReference; lastKnownFileType = sourcecode.swift; path = LineEditor.swift; sourceTree = "<group>"; };
		D97C4B532B18FF8C00010A96 /* Quad.swift */ = {isa = PBXFileReference; lastKnownFileType = sourcecode.swift; path = Quad.swift; sourceTree = "<group>"; };
		D983113E2B99CDD300FEC39A /* NumericalError.swift */ = {isa = PBXFileReference; lastKnownFileType = sourcecode.swift; path = NumericalError.swift; sourceTree = "<group>"; };
		D9974F512B1DD1DC00E5D5BD /* MaterialList.swift */ = {isa = PBXFileReference; lastKnownFileType = sourcecode.swift; path = MaterialList.swift; sourceTree = "<group>"; };
		D9974F532B1EA03D00E5D5BD /* MaterialWrapper.swift */ = {isa = PBXFileReference; lastKnownFileType = sourcecode.swift; path = MaterialWrapper.swift; sourceTree = "<group>"; };
		D99B19642B2D82D000CD2A4E /* tessellation.metal */ = {isa = PBXFileReference; lastKnownFileType = sourcecode.metal; path = tessellation.metal; sourceTree = "<group>"; };
		D99B19672B2DE7AD00CD2A4E /* Tessellator.swift */ = {isa = PBXFileReference; lastKnownFileType = sourcecode.swift; path = Tessellator.swift; sourceTree = "<group>"; };
		D99E7C0F2C381D8A009B17CF /* PhantomUnitTests.xctest */ = {isa = PBXFileReference; explicitFileType = wrapper.cfbundle; includeInIndex = 0; path = PhantomUnitTests.xctest; sourceTree = BUILT_PRODUCTS_DIR; };
		D99E7C112C381D8A009B17CF /* PhantomUnitTests.swift */ = {isa = PBXFileReference; lastKnownFileType = sourcecode.swift; path = PhantomUnitTests.swift; sourceTree = "<group>"; };
		D9A012132B09DCD4009E6614 /* ScalarPicker.swift */ = {isa = PBXFileReference; lastKnownFileType = sourcecode.swift; path = ScalarPicker.swift; sourceTree = "<group>"; };
		D9A012152B09FE84009E6614 /* VectorPicker.swift */ = {isa = PBXFileReference; lastKnownFileType = sourcecode.swift; path = VectorPicker.swift; sourceTree = "<group>"; };
		D9A012172B0B2692009E6614 /* Axes.swift */ = {isa = PBXFileReference; lastKnownFileType = sourcecode.swift; path = Axes.swift; sourceTree = "<group>"; };
		D9A25CE92B46348400BC36CB /* AxisAlignedBoundingBox.swift */ = {isa = PBXFileReference; lastKnownFileType = sourcecode.swift; path = AxisAlignedBoundingBox.swift; sourceTree = "<group>"; };
		D9A25CEC2B4750A000BC36CB /* PointSetConstructor.swift */ = {isa = PBXFileReference; lastKnownFileType = sourcecode.swift; path = PointSetConstructor.swift; sourceTree = "<group>"; };
		D9AFC6952B1A775800D963E9 /* AssetCollection.swift */ = {isa = PBXFileReference; lastKnownFileType = sourcecode.swift; path = AssetCollection.swift; sourceTree = "<group>"; };
		D9AFC6972B1BA6A200D963E9 /* brdf.metal */ = {isa = PBXFileReference; lastKnownFileType = sourcecode.metal; path = brdf.metal; sourceTree = "<group>"; };
		D9AFC6992B1CC74100D963E9 /* complex.metal */ = {isa = PBXFileReference; lastKnownFileType = sourcecode.metal; path = complex.metal; sourceTree = "<group>"; };
		D9AFC69B2B1CC75700D963E9 /* complex.h */ = {isa = PBXFileReference; lastKnownFileType = sourcecode.c.h; path = complex.h; sourceTree = "<group>"; };
		D9C74D882ADD504A006F9E47 /* Camera.swift */ = {isa = PBXFileReference; lastKnownFileType = sourcecode.swift; path = Camera.swift; sourceTree = "<group>"; };
		D9C74D8A2ADD5936006F9E47 /* CameraController.swift */ = {isa = PBXFileReference; lastKnownFileType = sourcecode.swift; path = CameraController.swift; sourceTree = "<group>"; };
		D9C74D8D2ADD6D0F006F9E47 /* FPSController.swift */ = {isa = PBXFileReference; lastKnownFileType = sourcecode.swift; path = FPSController.swift; sourceTree = "<group>"; };
		D9C74DAD2ADDA646006F9E47 /* ShaderData.swift */ = {isa = PBXFileReference; lastKnownFileType = sourcecode.swift; path = ShaderData.swift; sourceTree = "<group>"; };
		D9D2EDA32B607B72008D9660 /* BSplineInterpolatedCurveConstructor.swift */ = {isa = PBXFileReference; lastKnownFileType = sourcecode.swift; path = BSplineInterpolatedCurveConstructor.swift; sourceTree = "<group>"; };
		D9DDC28F2D86B19400FB83A7 /* SIMD+UVSTPQ.swift */ = {isa = PBXFileReference; lastKnownFileType = sourcecode.swift; path = "SIMD+UVSTPQ.swift"; sourceTree = "<group>"; };
		D9DDC2912D86BAC700FB83A7 /* FloatingPoint+Sampler.swift */ = {isa = PBXFileReference; lastKnownFileType = sourcecode.swift; path = "FloatingPoint+Sampler.swift"; sourceTree = "<group>"; };
		D9E757AF2CCE044F00B640B3 /* CurveSamplePointSetPanel.swift */ = {isa = PBXFileReference; lastKnownFileType = sourcecode.swift; path = CurveSamplePointSetPanel.swift; sourceTree = "<group>"; };
		D9E757B22CCE245700B640B3 /* CurvesToSurfaceProjectorView.swift */ = {isa = PBXFileReference; lastKnownFileType = sourcecode.swift; path = CurvesToSurfaceProjectorView.swift; sourceTree = "<group>"; };
		D9E757B62CCE50E300B640B3 /* PointsToSurfaceProjectorView.swift */ = {isa = PBXFileReference; lastKnownFileType = sourcecode.swift; path = PointsToSurfaceProjectorView.swift; sourceTree = "<group>"; };
		D9E757B92CCFBDEE00B640B3 /* DataFormatConverter.py */ = {isa = PBXFileReference; lastKnownFileType = text.script.python; path = DataFormatConverter.py; sourceTree = "<group>"; };
		D9EE966D2B449289002F8D12 /* BézeirCurve.swift */ = {isa = PBXFileReference; lastKnownFileType = sourcecode.swift; path = "BézeirCurve.swift"; sourceTree = "<group>"; };
		D9EE966F2B44930C002F8D12 /* BernsteinBasis.swift */ = {isa = PBXFileReference; lastKnownFileType = sourcecode.swift; path = BernsteinBasis.swift; sourceTree = "<group>"; };
		D9EE96712B44961C002F8D12 /* bernstein.metal */ = {isa = PBXFileReference; lastKnownFileType = sourcecode.metal; path = bernstein.metal; sourceTree = "<group>"; };
		D9EE96732B449E7D002F8D12 /* BernsteinBasisReader.swift */ = {isa = PBXFileReference; lastKnownFileType = sourcecode.swift; path = BernsteinBasisReader.swift; sourceTree = "<group>"; };
		D9EE96752B44B240002F8D12 /* BernsteinBasisChart.swift */ = {isa = PBXFileReference; lastKnownFileType = sourcecode.swift; path = BernsteinBasisChart.swift; sourceTree = "<group>"; };
		D9EE96772B44B53F002F8D12 /* BézierCurveConstructor.swift */ = {isa = PBXFileReference; lastKnownFileType = sourcecode.swift; path = "BézierCurveConstructor.swift"; sourceTree = "<group>"; };
		D9EE96792B44B89F002F8D12 /* BézierCurveProperties.swift */ = {isa = PBXFileReference; lastKnownFileType = sourcecode.swift; path = "BézierCurveProperties.swift"; sourceTree = "<group>"; };
		D9EE967B2B44BBF1002F8D12 /* BézierCurveControlPointList.swift */ = {isa = PBXFileReference; lastKnownFileType = sourcecode.swift; path = "BézierCurveControlPointList.swift"; sourceTree = "<group>"; };
		D9EE96802B44BC7F002F8D12 /* BézierCurveControlPointItem.swift */ = {isa = PBXFileReference; lastKnownFileType = sourcecode.swift; path = "BézierCurveControlPointItem.swift"; sourceTree = "<group>"; };
		D9F2D8B92B08C021000726F6 /* FloatPicker.swift */ = {isa = PBXFileReference; fileEncoding = 4; lastKnownFileType = sourcecode.swift; path = FloatPicker.swift; sourceTree = "<group>"; };
		D9F2DE902B3AD51C001AF2E3 /* GordonSurfaceConstructor.swift */ = {isa = PBXFileReference; lastKnownFileType = sourcecode.swift; path = GordonSurfaceConstructor.swift; sourceTree = "<group>"; };
		D9F2DE922B3AF76C001AF2E3 /* GordonSurface.swift */ = {isa = PBXFileReference; lastKnownFileType = sourcecode.swift; path = GordonSurface.swift; sourceTree = "<group>"; };
		D9F3CB0F2B0C73B2009D999E /* Particle.swift */ = {isa = PBXFileReference; lastKnownFileType = sourcecode.swift; path = Particle.swift; sourceTree = "<group>"; };
		D9F3CB112B0C76A7009D999E /* Liquid.swift */ = {isa = PBXFileReference; lastKnownFileType = sourcecode.swift; path = Liquid.swift; sourceTree = "<group>"; };
		D9FAABA92B20282F0054DD3D /* BSplineCurve.swift */ = {isa = PBXFileReference; lastKnownFileType = sourcecode.swift; path = BSplineCurve.swift; sourceTree = "<group>"; };
		D9FAABAB2B20497A0054DD3D /* BSplineBasis.swift */ = {isa = PBXFileReference; lastKnownFileType = sourcecode.swift; path = BSplineBasis.swift; sourceTree = "<group>"; };
		D9FAABAD2B2124DA0054DD3D /* spline.metal */ = {isa = PBXFileReference; lastKnownFileType = sourcecode.metal; path = spline.metal; sourceTree = "<group>"; };
		D9FAABAF2B2124EC0054DD3D /* spline.h */ = {isa = PBXFileReference; lastKnownFileType = sourcecode.c.h; path = spline.h; sourceTree = "<group>"; };
		D9FAABB12B25A6170054DD3D /* ModelLoader.swift */ = {isa = PBXFileReference; lastKnownFileType = sourcecode.swift; path = ModelLoader.swift; sourceTree = "<group>"; };
		D9FAABB32B25A7000054DD3D /* BSplineCurveConstructor.swift */ = {isa = PBXFileReference; lastKnownFileType = sourcecode.swift; path = BSplineCurveConstructor.swift; sourceTree = "<group>"; };
/* End PBXFileReference section */

/* Begin PBXFrameworksBuildPhase section */
		D94FF2552AD682C60019F211 /* Frameworks */ = {
			isa = PBXFrameworksBuildPhase;
			files = (
			);
		};
		D99E7C0C2C381D8A009B17CF /* Frameworks */ = {
			isa = PBXFrameworksBuildPhase;
			files = (
			);
		};
/* End PBXFrameworksBuildPhase section */

/* Begin PBXGroup section */
		D909979E2B30B3BB002AB778 /* JSON */ = {
			isa = PBXGroup;
			children = (
				D909979F2B30B3E5002AB778 /* JSONObjectParser.swift */,
				D920A6C12B3A897E0058D5E5 /* ModelFileDocument.swift */,
			);
			path = JSON;
			sourceTree = "<group>";
		};
		D90CCE222B71FA1F006CA159 /* Linear Algebra */ = {
			isa = PBXGroup;
			children = (
				D90CCE252B71FA58006CA159 /* MatrixUtility.swift */,
			);
			path = "Linear Algebra";
			sourceTree = "<group>";
		};
		D91FF4382BE04E4A00704225 /* LineSegments */ = {
			isa = PBXGroup;
			children = (
				D91FF4392BE04E5B00704225 /* LineSegmentsProperties.swift */,
			);
			path = LineSegments;
			sourceTree = "<group>";
		};
		D93E95E42B904C05001D5AEA /* UI Model */ = {
			isa = PBXGroup;
			children = (
				D93E95E52B904C1D001D5AEA /* TableStringItem.swift */,
			);
			path = "UI Model";
			sourceTree = "<group>";
		};
		D93E95E72B905B02001D5AEA /* Algorithms */ = {
			isa = PBXGroup;
			children = (
				D93E95E82B905B1B001D5AEA /* SurfaceProjection.swift */,
				D93E95EE2B90E185001D5AEA /* CurveProjection.swift */,
				D93E95F62B9334DC001D5AEA /* CurveIntersection.swift */,
				D93E95F02B922C95001D5AEA /* BSplineBasisUtilities.swift */,
				D93E95F22B924B1A001D5AEA /* BSplineCurveUtilities.swift */,
				D93E95F42B927CA4001D5AEA /* BSplineSurfaceUtilities.swift */,
			);
			path = Algorithms;
			sourceTree = "<group>";
		};
		D94FF24F2AD682C60019F211 = {
			isa = PBXGroup;
			children = (
				D94FF25A2AD682C60019F211 /* Phantom */,
				D99E7C102C381D8A009B17CF /* PhantomUnitTests */,
				D94FF2592AD682C60019F211 /* Products */,
			);
			sourceTree = "<group>";
		};
		D94FF2592AD682C60019F211 /* Products */ = {
			isa = PBXGroup;
			children = (
				D94FF2582AD682C60019F211 /* Phantom.app */,
				D99E7C0F2C381D8A009B17CF /* PhantomUnitTests.xctest */,
			);
			name = Products;
			sourceTree = "<group>";
		};
		D94FF25A2AD682C60019F211 /* Phantom */ = {
			isa = PBXGroup;
			children = (
				D97C4B442B11D47500010A96 /* MetalSystem.swift */,
				D9DDC28E2D86B17200FB83A7 /* Util */,
				D9E757B82CCFBDE400B640B3 /* Resources */,
				D90CCE222B71FA1F006CA159 /* Linear Algebra */,
				D94FF2722AD805740019F211 /* Shaders */,
				D9C74D872ADD4652006F9E47 /* Camera */,
				D97C4B3C2B0F337D00010A96 /* Scene */,
				D97C4B3F2B0F532200010A96 /* Model */,
				D94FF26F2AD6D2440019F211 /* Metal */,
				D94FF26C2AD688D60019F211 /* Views */,
				D94FF25B2AD682C60019F211 /* PhantomApp.swift */,
				D94FF2612AD682C70019F211 /* Assets.xcassets */,
				D94FF2662AD682C70019F211 /* Phantom.entitlements */,
				D94FF2632AD682C70019F211 /* Preview Content */,
			);
			path = Phantom;
			sourceTree = "<group>";
		};
		D94FF2632AD682C70019F211 /* Preview Content */ = {
			isa = PBXGroup;
			children = (
				D94FF2642AD682C70019F211 /* Preview Assets.xcassets */,
			);
			path = "Preview Content";
			sourceTree = "<group>";
		};
		D94FF26C2AD688D60019F211 /* Views */ = {
			isa = PBXGroup;
			children = (
				D97C4B4C2B1741E300010A96 /* Functional Panels */,
				D9F2D8B82B08C021000726F6 /* Component */,
				D938B2FB2B8EDE940004BBFE /* CameraPanel.swift */,
				D93E95DA2B8F272A001D5AEA /* LightPanel.swift */,
				D93E95DC2B8F28B1001D5AEA /* MiscellaneousPanel.swift */,
				D97C4B482B11E56700010A96 /* SceneNodeView.swift */,
				D94FF26D2AD69D120019F211 /* MetalView.swift */,
				D94FF25D2AD682C60019F211 /* ContentView.swift */,
			);
			path = Views;
			sourceTree = "<group>";
		};
		D94FF26F2AD6D2440019F211 /* Metal */ = {
			isa = PBXGroup;
			children = (
				D94FF2702AD6D2580019F211 /* Renderer.swift */,
				D9C74DAD2ADDA646006F9E47 /* ShaderData.swift */,
				D99B19672B2DE7AD00CD2A4E /* Tessellator.swift */,
				D9F3CB0F2B0C73B2009D999E /* Particle.swift */,
			);
			path = Metal;
			sourceTree = "<group>";
		};
		D94FF2722AD805740019F211 /* Shaders */ = {
			isa = PBXGroup;
			children = (
				D97C4B332B0E063900010A96 /* pch.h */,
				D97C4B322B0E05BE00010A96 /* data-types.h */,
				D94FF2732AD805AD0019F211 /* shaders.metal */,
				D9AFC6972B1BA6A200D963E9 /* brdf.metal */,
				D97C4B362B0E0C4700010A96 /* lighting.h */,
				D97C4B342B0E0C0D00010A96 /* lighting.metal */,
				D9AFC69B2B1CC75700D963E9 /* complex.h */,
				D9AFC6992B1CC74100D963E9 /* complex.metal */,
				D9FAABAF2B2124EC0054DD3D /* spline.h */,
				D9FAABAD2B2124DA0054DD3D /* spline.metal */,
				D99B19642B2D82D000CD2A4E /* tessellation.metal */,
				D9EE96712B44961C002F8D12 /* bernstein.metal */,
			);
			path = Shaders;
			sourceTree = "<group>";
		};
		D97C4B3C2B0F337D00010A96 /* Scene */ = {
			isa = PBXGroup;
			children = (
				D97C4B3D2B0F338E00010A96 /* SceneNode.swift */,
				D97C4B462B11D6EE00010A96 /* SceneGraph.swift */,
			);
			path = Scene;
			sourceTree = "<group>";
		};
		D97C4B3F2B0F532200010A96 /* Model */ = {
			isa = PBXGroup;
			children = (
				D983113D2B99CDBD00FEC39A /* Metric */,
				D93E95E42B904C05001D5AEA /* UI Model */,
				D909979E2B30B3BB002AB778 /* JSON */,
				D9FAABA82B20281D0054DD3D /* Parametric Geometry */,
				D97C4B402B0F533600010A96 /* Drawable.swift */,
				D9974F532B1EA03D00E5D5BD /* MaterialWrapper.swift */,
				D9AFC6952B1A775800D963E9 /* AssetCollection.swift */,
				D9338BF02B477C3A002A3FFE /* PointSet.swift */,
				D93E95EC2B9093A8001D5AEA /* LineSegments.swift */,
				D9A012172B0B2692009E6614 /* Axes.swift */,
				D97C4B532B18FF8C00010A96 /* Quad.swift */,
				D9F3CB112B0C76A7009D999E /* Liquid.swift */,
				D9A25CE92B46348400BC36CB /* AxisAlignedBoundingBox.swift */,
			);
			path = Model;
			sourceTree = "<group>";
		};
		D97C4B4C2B1741E300010A96 /* Functional Panels */ = {
			isa = PBXGroup;
			children = (
				D9FAABB02B259D270054DD3D /* Functional Pieces */,
				D97C4B4D2B17420200010A96 /* DrawableTable.swift */,
				D9974F512B1DD1DC00E5D5BD /* MaterialList.swift */,
				D941F33E2B2ADAAE0037E241 /* PropertyPanel.swift */,
			);
			path = "Functional Panels";
			sourceTree = "<group>";
		};
		D97C4B4F2B17684C00010A96 /* Number Pickers */ = {
			isa = PBXGroup;
			children = (
				D9F2D8B92B08C021000726F6 /* FloatPicker.swift */,
				D9A012132B09DCD4009E6614 /* ScalarPicker.swift */,
				D9A012152B09FE84009E6614 /* VectorPicker.swift */,
			);
			path = "Number Pickers";
			sourceTree = "<group>";
		};
		D97C4B502B17685900010A96 /* Text Editors */ = {
			isa = PBXGroup;
			children = (
				D97C4B512B17697A00010A96 /* LineEditor.swift */,
			);
			path = "Text Editors";
			sourceTree = "<group>";
		};
		D983113D2B99CDBD00FEC39A /* Metric */ = {
			isa = PBXGroup;
			children = (
				D983113E2B99CDD300FEC39A /* NumericalError.swift */,
			);
			path = Metric;
			sourceTree = "<group>";
		};
		D99E7C102C381D8A009B17CF /* PhantomUnitTests */ = {
			isa = PBXGroup;
			children = (
				D99E7C112C381D8A009B17CF /* PhantomUnitTests.swift */,
			);
			path = PhantomUnitTests;
			sourceTree = "<group>";
		};
		D9A25CEB2B47508700BC36CB /* Point Set */ = {
			isa = PBXGroup;
			children = (
				D9A25CEC2B4750A000BC36CB /* PointSetConstructor.swift */,
				D93E95E22B904809001D5AEA /* PlainPointSetPanel.swift */,
				D93E95DE2B904609001D5AEA /* IntersectionPointPanel.swift */,
				D91FF4362BDEFD9800704225 /* PointSetProperties.swift */,
				D9E757AF2CCE044F00B640B3 /* CurveSamplePointSetPanel.swift */,
			);
			path = "Point Set";
			sourceTree = "<group>";
		};
		D9C74D872ADD4652006F9E47 /* Camera */ = {
			isa = PBXGroup;
			children = (
				D9C74D8C2ADD6D00006F9E47 /* Controller */,
				D9C74D882ADD504A006F9E47 /* Camera.swift */,
			);
			path = Camera;
			sourceTree = "<group>";
		};
		D9C74D8C2ADD6D00006F9E47 /* Controller */ = {
			isa = PBXGroup;
			children = (
				D9C74D8A2ADD5936006F9E47 /* CameraController.swift */,
				D9C74D8D2ADD6D0F006F9E47 /* FPSController.swift */,
			);
			path = Controller;
			sourceTree = "<group>";
		};
		D9DDC28E2D86B17200FB83A7 /* Util */ = {
			isa = PBXGroup;
			children = (
				D9DDC28F2D86B19400FB83A7 /* SIMD+UVSTPQ.swift */,
				D9DDC2912D86BAC700FB83A7 /* FloatingPoint+Sampler.swift */,
			);
			path = Util;
			sourceTree = "<group>";
		};
		D9E757B12CCE243E00B640B3 /* Projector */ = {
			isa = PBXGroup;
			children = (
				D9E757B22CCE245700B640B3 /* CurvesToSurfaceProjectorView.swift */,
				D9E757B62CCE50E300B640B3 /* PointsToSurfaceProjectorView.swift */,
			);
			path = Projector;
			sourceTree = "<group>";
		};
		D9E757B82CCFBDE400B640B3 /* Resources */ = {
			isa = PBXGroup;
			children = (
				D9E757B92CCFBDEE00B640B3 /* DataFormatConverter.py */,
			);
			path = Resources;
			sourceTree = "<group>";
		};
		D9EE967D2B44BC34002F8D12 /* B-Spline Curve */ = {
			isa = PBXGroup;
			children = (
				D93E95FA2B9474EF001D5AEA /* BSplineCurveCombiner.swift */,
				D9D2EDA32B607B72008D9660 /* BSplineInterpolatedCurveConstructor.swift */,
				D9FAABB32B25A7000054DD3D /* BSplineCurveConstructor.swift */,
				D941F3422B2AE6440037E241 /* BSplineCurveProperties.swift */,
				D941F3462B2B52830037E241 /* BSplineCurveControlPointList.swift */,
				D941F3482B2C34C00037E241 /* BSplineCurveControlPointItem.swift */,
				D94BDDA92C844A1100BB3B79 /* CurveSampler.swift */,
			);
			path = "B-Spline Curve";
			sourceTree = "<group>";
		};
		D9EE967E2B44BC42002F8D12 /* Bézier Curve */ = {
			isa = PBXGroup;
			children = (
				D9EE96772B44B53F002F8D12 /* BézierCurveConstructor.swift */,
				D9EE96792B44B89F002F8D12 /* BézierCurveProperties.swift */,
				D9EE967B2B44BBF1002F8D12 /* BézierCurveControlPointList.swift */,
				D9EE96802B44BC7F002F8D12 /* BézierCurveControlPointItem.swift */,
			);
			name = "Bézier Curve";
			path = "Bézeir Curve";
			sourceTree = "<group>";
		};
		D9EE967F2B44BC58002F8D12 /* B-Spline Surface */ = {
			isa = PBXGroup;
			children = (
				D9E757B12CCE243E00B640B3 /* Projector */,
				D970BA932B65442900BF6991 /* LowGordonSurfaceConstructor.swift */,
				D9F2DE902B3AD51C001AF2E3 /* GordonSurfaceConstructor.swift */,
				D970BA902B62E2E100BF6991 /* LoftedSurfaceConstructor.swift */,
				D90997962B2F50C9002AB778 /* BSplineSurfaceConstructor.swift */,
				D90997982B303F3A002AB778 /* BSplineSurfaceProperties.swift */,
				D909979A2B304229002AB778 /* BSplineSurfaceControlPointMatrix.swift */,
				D909979C2B3044C5002AB778 /* BSplineSurfaceControlPointItem.swift */,
				D911CB6C2BFC0B7800D119DD /* GuidedSurfaceConstructor.swift */,
				D94BDDAB2C8470B500BB3B79 /* LSFSurfaceConstructor.swift */,
				D97338EC2CC3CFBD0017949D /* CurveNetworkExtractionView.swift */,
			);
			path = "B-Spline Surface";
			sourceTree = "<group>";
		};
		D9F2D8B82B08C021000726F6 /* Component */ = {
			isa = PBXGroup;
			children = (
				D97C4B502B17685900010A96 /* Text Editors */,
				D97C4B4F2B17684C00010A96 /* Number Pickers */,
			);
			path = Component;
			sourceTree = "<group>";
		};
		D9FAABA82B20281D0054DD3D /* Parametric Geometry */ = {
			isa = PBXGroup;
			children = (
				D93E95E72B905B02001D5AEA /* Algorithms */,
				D9EE96732B449E7D002F8D12 /* BernsteinBasisReader.swift */,
				D9EE966F2B44930C002F8D12 /* BernsteinBasis.swift */,
				D9EE966D2B449289002F8D12 /* BézeirCurve.swift */,
				D90997922B2EFCBE002AB778 /* BSplineBasisReader.swift */,
				D9FAABAB2B20497A0054DD3D /* BSplineBasis.swift */,
				D9FAABA92B20282F0054DD3D /* BSplineCurve.swift */,
				D941F34A2B2C62BA0037E241 /* BSplineSurface.swift */,
				D97B71A72B5D0C8800249AC3 /* BSplineInterpolator.swift */,
				D97422DC2B6BBEA700C4B489 /* BSplineApproximator.swift */,
				D9F2DE922B3AF76C001AF2E3 /* GordonSurface.swift */,
			);
			path = "Parametric Geometry";
			sourceTree = "<group>";
		};
		D9FAABB02B259D270054DD3D /* Functional Pieces */ = {
			isa = PBXGroup;
			children = (
				D9FAABB12B25A6170054DD3D /* ModelLoader.swift */,
				D90997942B2F30DF002AB778 /* BSplineBasisKnotEditor.swift */,
				D9EE96752B44B240002F8D12 /* BernsteinBasisChart.swift */,
				D97852402B77CB5B00233932 /* BSplineBasisComputeGraph.swift */,
				D941F3442B2AE7DC0037E241 /* BSplineBasisChart.swift */,
				D91FF4382BE04E4A00704225 /* LineSegments */,
				D9A25CEB2B47508700BC36CB /* Point Set */,
				D9EE967E2B44BC42002F8D12 /* Bézier Curve */,
				D9EE967D2B44BC34002F8D12 /* B-Spline Curve */,
				D9EE967F2B44BC58002F8D12 /* B-Spline Surface */,
			);
			path = "Functional Pieces";
			sourceTree = "<group>";
		};
/* End PBXGroup section */

/* Begin PBXNativeTarget section */
		D94FF2572AD682C60019F211 /* Phantom */ = {
			isa = PBXNativeTarget;
			buildConfigurationList = D94FF2692AD682C70019F211 /* Build configuration list for PBXNativeTarget "Phantom" */;
			buildPhases = (
				D94FF2542AD682C60019F211 /* Sources */,
				D94FF2552AD682C60019F211 /* Frameworks */,
				D94FF2562AD682C60019F211 /* Resources */,
			);
			buildRules = (
			);
			name = Phantom;
			productName = Phantom;
			productReference = D94FF2582AD682C60019F211 /* Phantom.app */;
			productType = "com.apple.product-type.application";
		};
		D99E7C0E2C381D8A009B17CF /* PhantomUnitTests */ = {
			isa = PBXNativeTarget;
			buildConfigurationList = D99E7C152C381D8A009B17CF /* Build configuration list for PBXNativeTarget "PhantomUnitTests" */;
			buildPhases = (
				D99E7C0B2C381D8A009B17CF /* Sources */,
				D99E7C0C2C381D8A009B17CF /* Frameworks */,
				D99E7C0D2C381D8A009B17CF /* Resources */,
			);
			buildRules = (
			);
			dependencies = (
				D99E7C142C381D8A009B17CF /* PBXTargetDependency */,
			);
			name = PhantomUnitTests;
			productName = PhantomUnitTests;
			productReference = D99E7C0F2C381D8A009B17CF /* PhantomUnitTests.xctest */;
			productType = "com.apple.product-type.bundle.unit-test";
		};
/* End PBXNativeTarget section */

/* Begin PBXProject section */
		D94FF2502AD682C60019F211 /* Project object */ = {
			isa = PBXProject;
			attributes = {
				BuildIndependentTargetsInParallel = 1;
				LastSwiftUpdateCheck = 1540;
				LastUpgradeCheck = 1630;
				TargetAttributes = {
					D94FF2572AD682C60019F211 = {
						CreatedOnToolsVersion = 15.0;
						LastSwiftMigration = 1500;
					};
					D99E7C0E2C381D8A009B17CF = {
						CreatedOnToolsVersion = 15.4;
						TestTargetID = D94FF2572AD682C60019F211;
					};
				};
			};
			buildConfigurationList = D94FF2532AD682C60019F211 /* Build configuration list for PBXProject "Phantom" */;
			developmentRegion = en;
			hasScannedForEncodings = 0;
			knownRegions = (
				en,
				Base,
			);
			mainGroup = D94FF24F2AD682C60019F211;
			preferredProjectObjectVersion = 90;
			productRefGroup = D94FF2592AD682C60019F211 /* Products */;
			projectDirPath = "";
			projectRoot = "";
			targets = (
				D94FF2572AD682C60019F211 /* Phantom */,
				D99E7C0E2C381D8A009B17CF /* PhantomUnitTests */,
			);
		};
/* End PBXProject section */

/* Begin PBXResourcesBuildPhase section */
		D94FF2562AD682C60019F211 /* Resources */ = {
			isa = PBXResourcesBuildPhase;
			files = (
				D9E757BA2CCFBE0200B640B3 /* DataFormatConverter.py in Resources */,
				D94FF2652AD682C70019F211 /* Preview Assets.xcassets in Resources */,
				D94FF2622AD682C70019F211 /* Assets.xcassets in Resources */,
			);
		};
		D99E7C0D2C381D8A009B17CF /* Resources */ = {
			isa = PBXResourcesBuildPhase;
			files = (
			);
		};
/* End PBXResourcesBuildPhase section */

/* Begin PBXSourcesBuildPhase section */
		D94FF2542AD682C60019F211 /* Sources */ = {
			isa = PBXSourcesBuildPhase;
			files = (
				D94FF26E2AD69D120019F211 /* MetalView.swift in Sources */,
				D97C4B452B11D47500010A96 /* MetalSystem.swift in Sources */,
				D93E95E92B905B1B001D5AEA /* SurfaceProjection.swift in Sources */,
				D9E757B32CCE245700B640B3 /* CurvesToSurfaceProjectorView.swift in Sources */,
				D93E95ED2B9093A8001D5AEA /* LineSegments.swift in Sources */,
				D9AFC69A2B1CC74100D963E9 /* complex.metal in Sources */,
				D9EE96782B44B53F002F8D12 /* BézierCurveConstructor.swift in Sources */,
				D91FF4372BDEFD9800704225 /* PointSetProperties.swift in Sources */,
				D93E95E62B904C1D001D5AEA /* TableStringItem.swift in Sources */,
				D9FAABB22B25A6170054DD3D /* ModelLoader.swift in Sources */,
				D9F2D8BA2B08C021000726F6 /* FloatPicker.swift in Sources */,
				D99B19652B2D82D000CD2A4E /* tessellation.metal in Sources */,
				D97852412B77CB5B00233932 /* BSplineBasisComputeGraph.swift in Sources */,
				D9DDC2922D86BAC700FB83A7 /* FloatingPoint+Sampler.swift in Sources */,
				D941F34B2B2C62BA0037E241 /* BSplineSurface.swift in Sources */,
				D9A012182B0B2692009E6614 /* Axes.swift in Sources */,
				D94FF25E2AD682C60019F211 /* ContentView.swift in Sources */,
				D93E95F72B9334DC001D5AEA /* CurveIntersection.swift in Sources */,
				D9C74DAE2ADDA646006F9E47 /* ShaderData.swift in Sources */,
				D938B2FC2B8EDE940004BBFE /* CameraPanel.swift in Sources */,
				D93E95EF2B90E185001D5AEA /* CurveProjection.swift in Sources */,
				D941F33F2B2ADAAE0037E241 /* PropertyPanel.swift in Sources */,
				D9F2DE912B3AD51C001AF2E3 /* GordonSurfaceConstructor.swift in Sources */,
				D9EE96762B44B240002F8D12 /* BernsteinBasisChart.swift in Sources */,
				D9FAABB42B25A7000054DD3D /* BSplineCurveConstructor.swift in Sources */,
				D97C4B542B18FF8C00010A96 /* Quad.swift in Sources */,
				D9C74D8E2ADD6D0F006F9E47 /* FPSController.swift in Sources */,
				D9A012142B09DCD4009E6614 /* ScalarPicker.swift in Sources */,
				D909979D2B3044C5002AB778 /* BSplineSurfaceControlPointItem.swift in Sources */,
				D9C74D8B2ADD5936006F9E47 /* CameraController.swift in Sources */,
				D97338ED2CC3CFBD0017949D /* CurveNetworkExtractionView.swift in Sources */,
				D9EE96812B44BC7F002F8D12 /* BézierCurveControlPointItem.swift in Sources */,
				D99B19682B2DE7AD00CD2A4E /* Tessellator.swift in Sources */,
				D9E757B72CCE50E300B640B3 /* PointsToSurfaceProjectorView.swift in Sources */,
				D9AFC6962B1A775800D963E9 /* AssetCollection.swift in Sources */,
				D9EE966E2B449289002F8D12 /* BézeirCurve.swift in Sources */,
				D9FAABAC2B20497A0054DD3D /* BSplineBasis.swift in Sources */,
				D93E95DB2B8F272A001D5AEA /* LightPanel.swift in Sources */,
				D9F3CB122B0C76A7009D999E /* Liquid.swift in Sources */,
				D9AFC6982B1BA6A200D963E9 /* brdf.metal in Sources */,
				D9A012162B09FE84009E6614 /* VectorPicker.swift in Sources */,
				D909979B2B304229002AB778 /* BSplineSurfaceControlPointMatrix.swift in Sources */,
				D93E95F32B924B1A001D5AEA /* BSplineCurveUtilities.swift in Sources */,
				D9EE96722B44961C002F8D12 /* bernstein.metal in Sources */,
				D9C74D892ADD504A006F9E47 /* Camera.swift in Sources */,
				D970BA942B65442900BF6991 /* LowGordonSurfaceConstructor.swift in Sources */,
				D94BDDAA2C844A1200BB3B79 /* CurveSampler.swift in Sources */,
				D91FF43A2BE04E5B00704225 /* LineSegmentsProperties.swift in Sources */,
				D9D2EDA42B607B72008D9660 /* BSplineInterpolatedCurveConstructor.swift in Sources */,
				D9A25CEA2B46348400BC36CB /* AxisAlignedBoundingBox.swift in Sources */,
				D97C4B412B0F533600010A96 /* Drawable.swift in Sources */,
				D90997972B2F50C9002AB778 /* BSplineSurfaceConstructor.swift in Sources */,
				D911CB6D2BFC0B7800D119DD /* GuidedSurfaceConstructor.swift in Sources */,
				D97C4B4E2B17420200010A96 /* DrawableTable.swift in Sources */,
				D90CCE262B71FA58006CA159 /* MatrixUtility.swift in Sources */,
				D90997952B2F30DF002AB778 /* BSplineBasisKnotEditor.swift in Sources */,
				D9974F542B1EA03D00E5D5BD /* MaterialWrapper.swift in Sources */,
				D93E95E32B904809001D5AEA /* PlainPointSetPanel.swift in Sources */,
				D90997932B2EFCBE002AB778 /* BSplineBasisReader.swift in Sources */,
				D9A25CED2B4750A000BC36CB /* PointSetConstructor.swift in Sources */,
				D93E95DD2B8F28B1001D5AEA /* MiscellaneousPanel.swift in Sources */,
				D97422DD2B6BBEA700C4B489 /* BSplineApproximator.swift in Sources */,
				D93E95FB2B9474EF001D5AEA /* BSplineCurveCombiner.swift in Sources */,
				D9DDC2902D86B19400FB83A7 /* SIMD+UVSTPQ.swift in Sources */,
				D97B71A82B5D0C8800249AC3 /* BSplineInterpolator.swift in Sources */,
				D93E95DF2B904609001D5AEA /* IntersectionPointPanel.swift in Sources */,
				D941F3452B2AE7DC0037E241 /* BSplineBasisChart.swift in Sources */,
				D920A6C22B3A897E0058D5E5 /* ModelFileDocument.swift in Sources */,
				D90997992B303F3A002AB778 /* BSplineSurfaceProperties.swift in Sources */,
				D97C4B522B17697A00010A96 /* LineEditor.swift in Sources */,
				D9EE967C2B44BBF1002F8D12 /* BézierCurveControlPointList.swift in Sources */,
				D93E95F12B922C95001D5AEA /* BSplineBasisUtilities.swift in Sources */,
				D94FF2712AD6D2580019F211 /* Renderer.swift in Sources */,
				D9E757B02CCE044F00B640B3 /* CurveSamplePointSetPanel.swift in Sources */,
				D9EE96742B449E7D002F8D12 /* BernsteinBasisReader.swift in Sources */,
				D9EE967A2B44B89F002F8D12 /* BézierCurveProperties.swift in Sources */,
				D97C4B492B11E56700010A96 /* SceneNodeView.swift in Sources */,
				D94FF2742AD805AD0019F211 /* shaders.metal in Sources */,
				D9FAABAE2B2124DA0054DD3D /* spline.metal in Sources */,
				D9FAABAA2B20282F0054DD3D /* BSplineCurve.swift in Sources */,
				D9338BF12B477C3A002A3FFE /* PointSet.swift in Sources */,
				D90997A02B30B3E5002AB778 /* JSONObjectParser.swift in Sources */,
				D94BDDAC2C8470B500BB3B79 /* LSFSurfaceConstructor.swift in Sources */,
				D97C4B472B11D6EE00010A96 /* SceneGraph.swift in Sources */,
				D941F3472B2B52830037E241 /* BSplineCurveControlPointList.swift in Sources */,
				D9EE96702B44930C002F8D12 /* BernsteinBasis.swift in Sources */,
				D9F2DE932B3AF76C001AF2E3 /* GordonSurface.swift in Sources */,
				D941F3432B2AE6440037E241 /* BSplineCurveProperties.swift in Sources */,
				D97C4B352B0E0C0D00010A96 /* lighting.metal in Sources */,
				D9974F522B1DD1DC00E5D5BD /* MaterialList.swift in Sources */,
				D983113F2B99CDD300FEC39A /* NumericalError.swift in Sources */,
				D94FF25C2AD682C60019F211 /* PhantomApp.swift in Sources */,
				D93E95F52B927CA4001D5AEA /* BSplineSurfaceUtilities.swift in Sources */,
				D97C4B3E2B0F338E00010A96 /* SceneNode.swift in Sources */,
				D941F3492B2C34C00037E241 /* BSplineCurveControlPointItem.swift in Sources */,
				D970BA912B62E2E100BF6991 /* LoftedSurfaceConstructor.swift in Sources */,
				D9F3CB102B0C73B2009D999E /* Particle.swift in Sources */,
			);
		};
		D99E7C0B2C381D8A009B17CF /* Sources */ = {
			isa = PBXSourcesBuildPhase;
			files = (
				D99E7C122C381D8A009B17CF /* PhantomUnitTests.swift in Sources */,
			);
		};
/* End PBXSourcesBuildPhase section */

/* Begin PBXTargetDependency section */
		D99E7C142C381D8A009B17CF /* PBXTargetDependency */ = {
			isa = PBXTargetDependency;
			target = D94FF2572AD682C60019F211 /* Phantom */;
			targetProxy = D99E7C132C381D8A009B17CF /* PBXContainerItemProxy */;
		};
/* End PBXTargetDependency section */

/* Begin XCBuildConfiguration section */
		D94FF2672AD682C70019F211 /* Debug configuration for PBXProject "Phantom" */ = {
			isa = XCBuildConfiguration;
			buildSettings = {
				ALWAYS_SEARCH_USER_PATHS = NO;
				ASSETCATALOG_COMPILER_GENERATE_SWIFT_ASSET_SYMBOL_EXTENSIONS = YES;
				CLANG_ANALYZER_NONNULL = YES;
				CLANG_ANALYZER_NUMBER_OBJECT_CONVERSION = YES_AGGRESSIVE;
				CLANG_CXX_LANGUAGE_STANDARD = "gnu++20";
				CLANG_ENABLE_MODULES = YES;
				CLANG_ENABLE_OBJC_ARC = YES;
				CLANG_ENABLE_OBJC_WEAK = YES;
				CLANG_WARN_BLOCK_CAPTURE_AUTORELEASING = YES;
				CLANG_WARN_BOOL_CONVERSION = YES;
				CLANG_WARN_COMMA = YES;
				CLANG_WARN_CONSTANT_CONVERSION = YES;
				CLANG_WARN_DEPRECATED_OBJC_IMPLEMENTATIONS = YES;
				CLANG_WARN_DIRECT_OBJC_ISA_USAGE = YES_ERROR;
				CLANG_WARN_DOCUMENTATION_COMMENTS = YES;
				CLANG_WARN_EMPTY_BODY = YES;
				CLANG_WARN_ENUM_CONVERSION = YES;
				CLANG_WARN_INFINITE_RECURSION = YES;
				CLANG_WARN_INT_CONVERSION = YES;
				CLANG_WARN_NON_LITERAL_NULL_CONVERSION = YES;
				CLANG_WARN_OBJC_IMPLICIT_RETAIN_SELF = YES;
				CLANG_WARN_OBJC_LITERAL_CONVERSION = YES;
				CLANG_WARN_OBJC_ROOT_CLASS = YES_ERROR;
				CLANG_WARN_QUOTED_INCLUDE_IN_FRAMEWORK_HEADER = YES;
				CLANG_WARN_RANGE_LOOP_ANALYSIS = YES;
				CLANG_WARN_STRICT_PROTOTYPES = YES;
				CLANG_WARN_SUSPICIOUS_MOVE = YES;
				CLANG_WARN_UNGUARDED_AVAILABILITY = YES_AGGRESSIVE;
				CLANG_WARN_UNREACHABLE_CODE = YES;
				CLANG_WARN__DUPLICATE_METHOD_MATCH = YES;
				COPY_PHASE_STRIP = NO;
				DEAD_CODE_STRIPPING = YES;
				DEBUG_INFORMATION_FORMAT = dwarf;
				DEVELOPMENT_TEAM = ZRJUG8P7DW;
				ENABLE_STRICT_OBJC_MSGSEND = YES;
				ENABLE_TESTABILITY = YES;
				ENABLE_USER_SCRIPT_SANDBOXING = YES;
				GCC_C_LANGUAGE_STANDARD = gnu17;
				GCC_DYNAMIC_NO_PIC = NO;
				GCC_NO_COMMON_BLOCKS = YES;
				GCC_OPTIMIZATION_LEVEL = 0;
				GCC_PREPROCESSOR_DEFINITIONS = (
					"DEBUG=1",
					"$(inherited)",
				);
				GCC_WARN_64_TO_32_BIT_CONVERSION = YES;
				GCC_WARN_ABOUT_RETURN_TYPE = YES_ERROR;
				GCC_WARN_UNDECLARED_SELECTOR = YES;
				GCC_WARN_UNINITIALIZED_AUTOS = YES_AGGRESSIVE;
				GCC_WARN_UNUSED_FUNCTION = YES;
				GCC_WARN_UNUSED_VARIABLE = YES;
				INFOPLIST_KEY_MetalCaptureEnabled = YES;
				LOCALIZATION_PREFERS_STRING_CATALOGS = YES;
				MACOSX_DEPLOYMENT_TARGET = 14.0;
				MTL_ENABLE_DEBUG_INFO = INCLUDE_SOURCE;
				MTL_FAST_MATH = YES;
				ONLY_ACTIVE_ARCH = YES;
				SDKROOT = macosx;
				SWIFT_ACTIVE_COMPILATION_CONDITIONS = "DEBUG $(inherited)";
				SWIFT_OPTIMIZATION_LEVEL = "-Onone";
			};
			name = Debug;
		};
		D94FF2682AD682C70019F211 /* Release configuration for PBXProject "Phantom" */ = {
			isa = XCBuildConfiguration;
			buildSettings = {
				ALWAYS_SEARCH_USER_PATHS = NO;
				ASSETCATALOG_COMPILER_GENERATE_SWIFT_ASSET_SYMBOL_EXTENSIONS = YES;
				CLANG_ANALYZER_NONNULL = YES;
				CLANG_ANALYZER_NUMBER_OBJECT_CONVERSION = YES_AGGRESSIVE;
				CLANG_CXX_LANGUAGE_STANDARD = "gnu++20";
				CLANG_ENABLE_MODULES = YES;
				CLANG_ENABLE_OBJC_ARC = YES;
				CLANG_ENABLE_OBJC_WEAK = YES;
				CLANG_WARN_BLOCK_CAPTURE_AUTORELEASING = YES;
				CLANG_WARN_BOOL_CONVERSION = YES;
				CLANG_WARN_COMMA = YES;
				CLANG_WARN_CONSTANT_CONVERSION = YES;
				CLANG_WARN_DEPRECATED_OBJC_IMPLEMENTATIONS = YES;
				CLANG_WARN_DIRECT_OBJC_ISA_USAGE = YES_ERROR;
				CLANG_WARN_DOCUMENTATION_COMMENTS = YES;
				CLANG_WARN_EMPTY_BODY = YES;
				CLANG_WARN_ENUM_CONVERSION = YES;
				CLANG_WARN_INFINITE_RECURSION = YES;
				CLANG_WARN_INT_CONVERSION = YES;
				CLANG_WARN_NON_LITERAL_NULL_CONVERSION = YES;
				CLANG_WARN_OBJC_IMPLICIT_RETAIN_SELF = YES;
				CLANG_WARN_OBJC_LITERAL_CONVERSION = YES;
				CLANG_WARN_OBJC_ROOT_CLASS = YES_ERROR;
				CLANG_WARN_QUOTED_INCLUDE_IN_FRAMEWORK_HEADER = YES;
				CLANG_WARN_RANGE_LOOP_ANALYSIS = YES;
				CLANG_WARN_STRICT_PROTOTYPES = YES;
				CLANG_WARN_SUSPICIOUS_MOVE = YES;
				CLANG_WARN_UNGUARDED_AVAILABILITY = YES_AGGRESSIVE;
				CLANG_WARN_UNREACHABLE_CODE = YES;
				CLANG_WARN__DUPLICATE_METHOD_MATCH = YES;
				COPY_PHASE_STRIP = NO;
				DEAD_CODE_STRIPPING = YES;
				DEBUG_INFORMATION_FORMAT = "dwarf-with-dsym";
				DEVELOPMENT_TEAM = ZRJUG8P7DW;
				ENABLE_NS_ASSERTIONS = NO;
				ENABLE_STRICT_OBJC_MSGSEND = YES;
				ENABLE_USER_SCRIPT_SANDBOXING = YES;
				GCC_C_LANGUAGE_STANDARD = gnu17;
				GCC_NO_COMMON_BLOCKS = YES;
				GCC_WARN_64_TO_32_BIT_CONVERSION = YES;
				GCC_WARN_ABOUT_RETURN_TYPE = YES_ERROR;
				GCC_WARN_UNDECLARED_SELECTOR = YES;
				GCC_WARN_UNINITIALIZED_AUTOS = YES_AGGRESSIVE;
				GCC_WARN_UNUSED_FUNCTION = YES;
				GCC_WARN_UNUSED_VARIABLE = YES;
				INFOPLIST_KEY_MetalCaptureEnabled = YES;
				LOCALIZATION_PREFERS_STRING_CATALOGS = YES;
				MACOSX_DEPLOYMENT_TARGET = 14.0;
				MTL_ENABLE_DEBUG_INFO = NO;
				MTL_FAST_MATH = YES;
				SDKROOT = macosx;
				SWIFT_COMPILATION_MODE = wholemodule;
			};
			name = Release;
		};
		D94FF26A2AD682C70019F211 /* Debug configuration for PBXNativeTarget "Phantom" */ = {
			isa = XCBuildConfiguration;
			buildSettings = {
				ASSETCATALOG_COMPILER_APPICON_NAME = AppIcon;
				ASSETCATALOG_COMPILER_GLOBAL_ACCENT_COLOR_NAME = AccentColor;
				ASSETCATALOG_COMPILER_INCLUDE_ALL_APPICON_ASSETS = YES;
				CLANG_ENABLE_MODULES = YES;
				CODE_SIGN_ENTITLEMENTS = Phantom/Phantom.entitlements;
				"CODE_SIGN_IDENTITY[sdk=macosx*]" = "-";
				CODE_SIGN_STYLE = Automatic;
				COMBINE_HIDPI_IMAGES = YES;
				CURRENT_PROJECT_VERSION = 1;
				DEAD_CODE_STRIPPING = YES;
				DEVELOPMENT_ASSET_PATHS = "\"Phantom/Preview Content\"";
				ENABLE_HARDENED_RUNTIME = YES;
				ENABLE_PREVIEWS = YES;
				GENERATE_INFOPLIST_FILE = YES;
				INFOPLIST_KEY_CFBundleDisplayName = Phantom;
				INFOPLIST_KEY_LSApplicationCategoryType = "public.app-category.utilities";
				INFOPLIST_KEY_NSHumanReadableCopyright = "";
				LD_RUNPATH_SEARCH_PATHS = (
					"$(inherited)",
					"@executable_path/../Frameworks",
				);
				MACOSX_DEPLOYMENT_TARGET = 15.0;
				MARKETING_VERSION = 1.0;
				PRODUCT_BUNDLE_IDENTIFIER = TSAR.Phantom;
				PRODUCT_NAME = "$(TARGET_NAME)";
				SWIFT_EMIT_LOC_STRINGS = YES;
				SWIFT_OBJC_BRIDGING_HEADER = "";
				SWIFT_OBJC_INTEROP_MODE = objcxx;
				SWIFT_OPTIMIZATION_LEVEL = "-Onone";
				SWIFT_PRECOMPILE_BRIDGING_HEADER = YES;
				SWIFT_VERSION = 6.0;
			};
			name = Debug;
		};
		D94FF26B2AD682C70019F211 /* Release configuration for PBXNativeTarget "Phantom" */ = {
			isa = XCBuildConfiguration;
			buildSettings = {
				ASSETCATALOG_COMPILER_APPICON_NAME = AppIcon;
				ASSETCATALOG_COMPILER_GLOBAL_ACCENT_COLOR_NAME = AccentColor;
				ASSETCATALOG_COMPILER_INCLUDE_ALL_APPICON_ASSETS = YES;
				CLANG_ENABLE_MODULES = YES;
				CODE_SIGN_ENTITLEMENTS = Phantom/Phantom.entitlements;
				"CODE_SIGN_IDENTITY[sdk=macosx*]" = "-";
				CODE_SIGN_STYLE = Automatic;
				COMBINE_HIDPI_IMAGES = YES;
				CURRENT_PROJECT_VERSION = 1;
				DEAD_CODE_STRIPPING = YES;
				DEVELOPMENT_ASSET_PATHS = "\"Phantom/Preview Content\"";
				ENABLE_HARDENED_RUNTIME = YES;
				ENABLE_PREVIEWS = YES;
				GENERATE_INFOPLIST_FILE = YES;
				INFOPLIST_KEY_CFBundleDisplayName = Phantom;
				INFOPLIST_KEY_LSApplicationCategoryType = "public.app-category.utilities";
				INFOPLIST_KEY_NSHumanReadableCopyright = "";
				LD_RUNPATH_SEARCH_PATHS = (
					"$(inherited)",
					"@executable_path/../Frameworks",
				);
				MACOSX_DEPLOYMENT_TARGET = 15.0;
				MARKETING_VERSION = 1.0;
				PRODUCT_BUNDLE_IDENTIFIER = TSAR.Phantom;
				PRODUCT_NAME = "$(TARGET_NAME)";
				SWIFT_EMIT_LOC_STRINGS = YES;
				SWIFT_OBJC_BRIDGING_HEADER = "";
				SWIFT_OBJC_INTEROP_MODE = objcxx;
				SWIFT_PRECOMPILE_BRIDGING_HEADER = YES;
				SWIFT_VERSION = 6.0;
			};
			name = Release;
		};
		D99E7C162C381D8A009B17CF /* Debug configuration for PBXNativeTarget "PhantomUnitTests" */ = {
			isa = XCBuildConfiguration;
			buildSettings = {
				BUNDLE_LOADER = "$(TEST_HOST)";
				CODE_SIGN_STYLE = Automatic;
				CURRENT_PROJECT_VERSION = 1;
				GENERATE_INFOPLIST_FILE = YES;
				MACOSX_DEPLOYMENT_TARGET = 15.0;
				MARKETING_VERSION = 1.0;
				PRODUCT_BUNDLE_IDENTIFIER = TSAR.PhantomUnitTests;
				PRODUCT_NAME = "$(TARGET_NAME)";
				SWIFT_EMIT_LOC_STRINGS = NO;
				SWIFT_VERSION = 5.0;
				TEST_HOST = "$(BUILT_PRODUCTS_DIR)/Phantom.app/$(BUNDLE_EXECUTABLE_FOLDER_PATH)/Phantom";
			};
			name = Debug;
		};
		D99E7C172C381D8A009B17CF /* Release configuration for PBXNativeTarget "PhantomUnitTests" */ = {
			isa = XCBuildConfiguration;
			buildSettings = {
				BUNDLE_LOADER = "$(TEST_HOST)";
				CODE_SIGN_STYLE = Automatic;
				CURRENT_PROJECT_VERSION = 1;
				GENERATE_INFOPLIST_FILE = YES;
				MACOSX_DEPLOYMENT_TARGET = 15.0;
				MARKETING_VERSION = 1.0;
				PRODUCT_BUNDLE_IDENTIFIER = TSAR.PhantomUnitTests;
				PRODUCT_NAME = "$(TARGET_NAME)";
				SWIFT_EMIT_LOC_STRINGS = NO;
				SWIFT_VERSION = 5.0;
				TEST_HOST = "$(BUILT_PRODUCTS_DIR)/Phantom.app/$(BUNDLE_EXECUTABLE_FOLDER_PATH)/Phantom";
			};
			name = Release;
		};
/* End XCBuildConfiguration section */

/* Begin XCConfigurationList section */
		D94FF2532AD682C60019F211 /* Build configuration list for PBXProject "Phantom" */ = {
			isa = XCConfigurationList;
			buildConfigurations = (
				D94FF2672AD682C70019F211 /* Debug configuration for PBXProject "Phantom" */,
				D94FF2682AD682C70019F211 /* Release configuration for PBXProject "Phantom" */,
			);
			defaultConfigurationName = Release;
		};
		D94FF2692AD682C70019F211 /* Build configuration list for PBXNativeTarget "Phantom" */ = {
			isa = XCConfigurationList;
			buildConfigurations = (
				D94FF26A2AD682C70019F211 /* Debug configuration for PBXNativeTarget "Phantom" */,
				D94FF26B2AD682C70019F211 /* Release configuration for PBXNativeTarget "Phantom" */,
			);
			defaultConfigurationName = Release;
		};
		D99E7C152C381D8A009B17CF /* Build configuration list for PBXNativeTarget "PhantomUnitTests" */ = {
			isa = XCConfigurationList;
			buildConfigurations = (
				D99E7C162C381D8A009B17CF /* Debug configuration for PBXNativeTarget "PhantomUnitTests" */,
				D99E7C172C381D8A009B17CF /* Release configuration for PBXNativeTarget "PhantomUnitTests" */,
			);
			defaultConfigurationName = Release;
		};
/* End XCConfigurationList section */
	};
	rootObject = D94FF2502AD682C60019F211 /* Project object */;
}
