// !$*UTF8*$!
{
	archiveVersion = 1;
	classes = {
	};
	objectVersion = 56;
	objects = {

/* Begin PBXBuildFile section */
		D91560942AEFCBFA00B97A88 /* EulerRotations.swift in Sources */ = {isa = PBXBuildFile; fileRef = D91560932AEFCBFA00B97A88 /* EulerRotations.swift */; };
		D91560962AEFCCA300B97A88 /* AxisRotation.swift in Sources */ = {isa = PBXBuildFile; fileRef = D91560952AEFCCA300B97A88 /* AxisRotation.swift */; };
		D94FF25C2AD682C60019F211 /* PhantomApp.swift in Sources */ = {isa = PBXBuildFile; fileRef = D94FF25B2AD682C60019F211 /* PhantomApp.swift */; };
		D94FF25E2AD682C60019F211 /* ContentView.swift in Sources */ = {isa = PBXBuildFile; fileRef = D94FF25D2AD682C60019F211 /* ContentView.swift */; };
		D94FF2622AD682C70019F211 /* Assets.xcassets in Resources */ = {isa = PBXBuildFile; fileRef = D94FF2612AD682C70019F211 /* Assets.xcassets */; };
		D94FF2652AD682C70019F211 /* Preview Assets.xcassets in Resources */ = {isa = PBXBuildFile; fileRef = D94FF2642AD682C70019F211 /* Preview Assets.xcassets */; };
		D94FF26E2AD69D120019F211 /* MetalView.swift in Sources */ = {isa = PBXBuildFile; fileRef = D94FF26D2AD69D120019F211 /* MetalView.swift */; };
		D94FF2712AD6D2580019F211 /* Renderer.swift in Sources */ = {isa = PBXBuildFile; fileRef = D94FF2702AD6D2580019F211 /* Renderer.swift */; };
		D94FF2742AD805AD0019F211 /* shader.metal in Sources */ = {isa = PBXBuildFile; fileRef = D94FF2732AD805AD0019F211 /* shader.metal */; };
		D970E8F52AE053E3005F0BB7 /* Protocols.swift in Sources */ = {isa = PBXBuildFile; fileRef = D970E8F42AE053E3005F0BB7 /* Protocols.swift */; };
		D970E8F92AE05452005F0BB7 /* Square.swift in Sources */ = {isa = PBXBuildFile; fileRef = D970E8F82AE05452005F0BB7 /* Square.swift */; };
		D970E8FF2AE05AA6005F0BB7 /* Axes.swift in Sources */ = {isa = PBXBuildFile; fileRef = D970E8FE2AE05AA6005F0BB7 /* Axes.swift */; };
		D970E9012AE05CDE005F0BB7 /* Transformation.swift in Sources */ = {isa = PBXBuildFile; fileRef = D970E9002AE05CDE005F0BB7 /* Transformation.swift */; };
		D970E9032AE1577A005F0BB7 /* RGBTriangle.swift in Sources */ = {isa = PBXBuildFile; fileRef = D970E9022AE1577A005F0BB7 /* RGBTriangle.swift */; };
		D979F8072AE2A62600D1CCAF /* Mesh.swift in Sources */ = {isa = PBXBuildFile; fileRef = D979F8062AE2A62600D1CCAF /* Mesh.swift */; };
		D9C74D892ADD504A006F9E47 /* Camera.swift in Sources */ = {isa = PBXBuildFile; fileRef = D9C74D882ADD504A006F9E47 /* Camera.swift */; };
		D9C74D8B2ADD5936006F9E47 /* CameraController.swift in Sources */ = {isa = PBXBuildFile; fileRef = D9C74D8A2ADD5936006F9E47 /* CameraController.swift */; };
		D9C74D8E2ADD6D0F006F9E47 /* FPSCameraController.swift in Sources */ = {isa = PBXBuildFile; fileRef = D9C74D8D2ADD6D0F006F9E47 /* FPSCameraController.swift */; };
		D9C74DAE2ADDA646006F9E47 /* Data.swift in Sources */ = {isa = PBXBuildFile; fileRef = D9C74DAD2ADDA646006F9E47 /* Data.swift */; };
/* End PBXBuildFile section */

/* Begin PBXFileReference section */
		D91560932AEFCBFA00B97A88 /* EulerRotations.swift */ = {isa = PBXFileReference; lastKnownFileType = sourcecode.swift; path = EulerRotations.swift; sourceTree = "<group>"; };
		D91560952AEFCCA300B97A88 /* AxisRotation.swift */ = {isa = PBXFileReference; lastKnownFileType = sourcecode.swift; path = AxisRotation.swift; sourceTree = "<group>"; };
		D94FF2582AD682C60019F211 /* Phantom.app */ = {isa = PBXFileReference; explicitFileType = wrapper.application; includeInIndex = 0; path = Phantom.app; sourceTree = BUILT_PRODUCTS_DIR; };
		D94FF25B2AD682C60019F211 /* PhantomApp.swift */ = {isa = PBXFileReference; lastKnownFileType = sourcecode.swift; path = PhantomApp.swift; sourceTree = "<group>"; };
		D94FF25D2AD682C60019F211 /* ContentView.swift */ = {isa = PBXFileReference; lastKnownFileType = sourcecode.swift; path = ContentView.swift; sourceTree = "<group>"; };
		D94FF2612AD682C70019F211 /* Assets.xcassets */ = {isa = PBXFileReference; lastKnownFileType = folder.assetcatalog; path = Assets.xcassets; sourceTree = "<group>"; };
		D94FF2642AD682C70019F211 /* Preview Assets.xcassets */ = {isa = PBXFileReference; lastKnownFileType = folder.assetcatalog; path = "Preview Assets.xcassets"; sourceTree = "<group>"; };
		D94FF2662AD682C70019F211 /* Phantom.entitlements */ = {isa = PBXFileReference; lastKnownFileType = text.plist.entitlements; path = Phantom.entitlements; sourceTree = "<group>"; };
		D94FF26D2AD69D120019F211 /* MetalView.swift */ = {isa = PBXFileReference; lastKnownFileType = sourcecode.swift; path = MetalView.swift; sourceTree = "<group>"; };
		D94FF2702AD6D2580019F211 /* Renderer.swift */ = {isa = PBXFileReference; lastKnownFileType = sourcecode.swift; path = Renderer.swift; sourceTree = "<group>"; };
		D94FF2732AD805AD0019F211 /* shader.metal */ = {isa = PBXFileReference; lastKnownFileType = sourcecode.metal; path = shader.metal; sourceTree = "<group>"; };
		D970E8F42AE053E3005F0BB7 /* Protocols.swift */ = {isa = PBXFileReference; lastKnownFileType = sourcecode.swift; path = Protocols.swift; sourceTree = "<group>"; };
		D970E8F82AE05452005F0BB7 /* Square.swift */ = {isa = PBXFileReference; lastKnownFileType = sourcecode.swift; path = Square.swift; sourceTree = "<group>"; };
		D970E8FE2AE05AA6005F0BB7 /* Axes.swift */ = {isa = PBXFileReference; lastKnownFileType = sourcecode.swift; path = Axes.swift; sourceTree = "<group>"; };
		D970E9002AE05CDE005F0BB7 /* Transformation.swift */ = {isa = PBXFileReference; lastKnownFileType = sourcecode.swift; path = Transformation.swift; sourceTree = "<group>"; };
		D970E9022AE1577A005F0BB7 /* RGBTriangle.swift */ = {isa = PBXFileReference; lastKnownFileType = sourcecode.swift; path = RGBTriangle.swift; sourceTree = "<group>"; };
		D979F8062AE2A62600D1CCAF /* Mesh.swift */ = {isa = PBXFileReference; lastKnownFileType = sourcecode.swift; path = Mesh.swift; sourceTree = "<group>"; };
		D9C74D882ADD504A006F9E47 /* Camera.swift */ = {isa = PBXFileReference; lastKnownFileType = sourcecode.swift; path = Camera.swift; sourceTree = "<group>"; };
		D9C74D8A2ADD5936006F9E47 /* CameraController.swift */ = {isa = PBXFileReference; lastKnownFileType = sourcecode.swift; path = CameraController.swift; sourceTree = "<group>"; };
		D9C74D8D2ADD6D0F006F9E47 /* FPSCameraController.swift */ = {isa = PBXFileReference; lastKnownFileType = sourcecode.swift; path = FPSCameraController.swift; sourceTree = "<group>"; };
		D9C74DAD2ADDA646006F9E47 /* Data.swift */ = {isa = PBXFileReference; lastKnownFileType = sourcecode.swift; path = Data.swift; sourceTree = "<group>"; };
/* End PBXFileReference section */

/* Begin PBXFrameworksBuildPhase section */
		D94FF2552AD682C60019F211 /* Frameworks */ = {
			isa = PBXFrameworksBuildPhase;
			buildActionMask = 2147483647;
			files = (
			);
			runOnlyForDeploymentPostprocessing = 0;
		};
/* End PBXFrameworksBuildPhase section */

/* Begin PBXGroup section */
		D91560922AEFCBDD00B97A88 /* Transformation */ = {
			isa = PBXGroup;
			children = (
				D91560932AEFCBFA00B97A88 /* EulerRotations.swift */,
				D91560952AEFCCA300B97A88 /* AxisRotation.swift */,
			);
			path = Transformation;
			sourceTree = "<group>";
		};
		D94FF24F2AD682C60019F211 = {
			isa = PBXGroup;
			children = (
				D94FF25A2AD682C60019F211 /* Phantom */,
				D94FF2592AD682C60019F211 /* Products */,
			);
			sourceTree = "<group>";
		};
		D94FF2592AD682C60019F211 /* Products */ = {
			isa = PBXGroup;
			children = (
				D94FF2582AD682C60019F211 /* Phantom.app */,
			);
			name = Products;
			sourceTree = "<group>";
		};
		D94FF25A2AD682C60019F211 /* Phantom */ = {
			isa = PBXGroup;
			children = (
				D94FF26F2AD6D2440019F211 /* Metal */,
				D94FF26C2AD688D60019F211 /* Views */,
				D94FF25B2AD682C60019F211 /* PhantomApp.swift */,
				D94FF2612AD682C70019F211 /* Assets.xcassets */,
				D94FF2662AD682C70019F211 /* Phantom.entitlements */,
				D94FF2632AD682C70019F211 /* Preview Content */,
			);
			path = Phantom;
			sourceTree = "<group>";
		};
		D94FF2632AD682C70019F211 /* Preview Content */ = {
			isa = PBXGroup;
			children = (
				D94FF2642AD682C70019F211 /* Preview Assets.xcassets */,
			);
			path = "Preview Content";
			sourceTree = "<group>";
		};
		D94FF26C2AD688D60019F211 /* Views */ = {
			isa = PBXGroup;
			children = (
				D94FF25D2AD682C60019F211 /* ContentView.swift */,
				D94FF26D2AD69D120019F211 /* MetalView.swift */,
			);
			path = Views;
			sourceTree = "<group>";
		};
		D94FF26F2AD6D2440019F211 /* Metal */ = {
			isa = PBXGroup;
			children = (
				D91560922AEFCBDD00B97A88 /* Transformation */,
				D970E8F32AE053D7005F0BB7 /* Geometry */,
				D9C74DAC2ADDA63D006F9E47 /* Data */,
				D9C74D872ADD4652006F9E47 /* Camera */,
				D94FF2722AD805740019F211 /* Shaders */,
				D94FF2702AD6D2580019F211 /* Renderer.swift */,
			);
			path = Metal;
			sourceTree = "<group>";
		};
		D94FF2722AD805740019F211 /* Shaders */ = {
			isa = PBXGroup;
			children = (
				D94FF2732AD805AD0019F211 /* shader.metal */,
			);
			path = Shaders;
			sourceTree = "<group>";
		};
		D970E8F32AE053D7005F0BB7 /* Geometry */ = {
			isa = PBXGroup;
			children = (
				D970E8F42AE053E3005F0BB7 /* Protocols.swift */,
				D970E9002AE05CDE005F0BB7 /* Transformation.swift */,
				D970E8F82AE05452005F0BB7 /* Square.swift */,
				D970E8FE2AE05AA6005F0BB7 /* Axes.swift */,
				D970E9022AE1577A005F0BB7 /* RGBTriangle.swift */,
				D979F8062AE2A62600D1CCAF /* Mesh.swift */,
			);
			path = Geometry;
			sourceTree = "<group>";
		};
		D9C74D872ADD4652006F9E47 /* Camera */ = {
			isa = PBXGroup;
			children = (
				D9C74D8C2ADD6D00006F9E47 /* Controller */,
				D9C74D882ADD504A006F9E47 /* Camera.swift */,
			);
			path = Camera;
			sourceTree = "<group>";
		};
		D9C74D8C2ADD6D00006F9E47 /* Controller */ = {
			isa = PBXGroup;
			children = (
				D9C74D8A2ADD5936006F9E47 /* CameraController.swift */,
				D9C74D8D2ADD6D0F006F9E47 /* FPSCameraController.swift */,
			);
			path = Controller;
			sourceTree = "<group>";
		};
		D9C74DAC2ADDA63D006F9E47 /* Data */ = {
			isa = PBXGroup;
			children = (
				D9C74DAD2ADDA646006F9E47 /* Data.swift */,
			);
			path = Data;
			sourceTree = "<group>";
		};
/* End PBXGroup section */

/* Begin PBXNativeTarget section */
		D94FF2572AD682C60019F211 /* Phantom */ = {
			isa = PBXNativeTarget;
			buildConfigurationList = D94FF2692AD682C70019F211 /* Build configuration list for PBXNativeTarget "Phantom" */;
			buildPhases = (
				D94FF2542AD682C60019F211 /* Sources */,
				D94FF2552AD682C60019F211 /* Frameworks */,
				D94FF2562AD682C60019F211 /* Resources */,
			);
			buildRules = (
			);
			dependencies = (
			);
			name = Phantom;
			productName = Phantom;
			productReference = D94FF2582AD682C60019F211 /* Phantom.app */;
			productType = "com.apple.product-type.application";
		};
/* End PBXNativeTarget section */

/* Begin PBXProject section */
		D94FF2502AD682C60019F211 /* Project object */ = {
			isa = PBXProject;
			attributes = {
				BuildIndependentTargetsInParallel = 1;
				LastSwiftUpdateCheck = 1500;
				LastUpgradeCheck = 1500;
				TargetAttributes = {
					D94FF2572AD682C60019F211 = {
						CreatedOnToolsVersion = 15.0;
						LastSwiftMigration = 1500;
					};
				};
			};
			buildConfigurationList = D94FF2532AD682C60019F211 /* Build configuration list for PBXProject "Phantom" */;
			compatibilityVersion = "Xcode 14.0";
			developmentRegion = en;
			hasScannedForEncodings = 0;
			knownRegions = (
				en,
				Base,
			);
			mainGroup = D94FF24F2AD682C60019F211;
			productRefGroup = D94FF2592AD682C60019F211 /* Products */;
			projectDirPath = "";
			projectRoot = "";
			targets = (
				D94FF2572AD682C60019F211 /* Phantom */,
			);
		};
/* End PBXProject section */

/* Begin PBXResourcesBuildPhase section */
		D94FF2562AD682C60019F211 /* Resources */ = {
			isa = PBXResourcesBuildPhase;
			buildActionMask = 2147483647;
			files = (
				D94FF2652AD682C70019F211 /* Preview Assets.xcassets in Resources */,
				D94FF2622AD682C70019F211 /* Assets.xcassets in Resources */,
			);
			runOnlyForDeploymentPostprocessing = 0;
		};
/* End PBXResourcesBuildPhase section */

/* Begin PBXSourcesBuildPhase section */
		D94FF2542AD682C60019F211 /* Sources */ = {
			isa = PBXSourcesBuildPhase;
			buildActionMask = 2147483647;
			files = (
				D94FF26E2AD69D120019F211 /* MetalView.swift in Sources */,
				D94FF25E2AD682C60019F211 /* ContentView.swift in Sources */,
				D9C74DAE2ADDA646006F9E47 /* Data.swift in Sources */,
				D91560962AEFCCA300B97A88 /* AxisRotation.swift in Sources */,
				D970E8F52AE053E3005F0BB7 /* Protocols.swift in Sources */,
				D970E9012AE05CDE005F0BB7 /* Transformation.swift in Sources */,
				D9C74D8E2ADD6D0F006F9E47 /* FPSCameraController.swift in Sources */,
				D9C74D8B2ADD5936006F9E47 /* CameraController.swift in Sources */,
				D970E9032AE1577A005F0BB7 /* RGBTriangle.swift in Sources */,
				D970E8FF2AE05AA6005F0BB7 /* Axes.swift in Sources */,
				D979F8072AE2A62600D1CCAF /* Mesh.swift in Sources */,
				D9C74D892ADD504A006F9E47 /* Camera.swift in Sources */,
				D970E8F92AE05452005F0BB7 /* Square.swift in Sources */,
				D94FF2712AD6D2580019F211 /* Renderer.swift in Sources */,
				D94FF2742AD805AD0019F211 /* shader.metal in Sources */,
				D94FF25C2AD682C60019F211 /* PhantomApp.swift in Sources */,
				D91560942AEFCBFA00B97A88 /* EulerRotations.swift in Sources */,
			);
			runOnlyForDeploymentPostprocessing = 0;
		};
/* End PBXSourcesBuildPhase section */

/* Begin XCBuildConfiguration section */
		D94FF2672AD682C70019F211 /* Debug */ = {
			isa = XCBuildConfiguration;
			buildSettings = {
				ALWAYS_SEARCH_USER_PATHS = NO;
				ASSETCATALOG_COMPILER_GENERATE_SWIFT_ASSET_SYMBOL_EXTENSIONS = YES;
				CLANG_ANALYZER_NONNULL = YES;
				CLANG_ANALYZER_NUMBER_OBJECT_CONVERSION = YES_AGGRESSIVE;
				CLANG_CXX_LANGUAGE_STANDARD = "gnu++20";
				CLANG_ENABLE_MODULES = YES;
				CLANG_ENABLE_OBJC_ARC = YES;
				CLANG_ENABLE_OBJC_WEAK = YES;
				CLANG_WARN_BLOCK_CAPTURE_AUTORELEASING = YES;
				CLANG_WARN_BOOL_CONVERSION = YES;
				CLANG_WARN_COMMA = YES;
				CLANG_WARN_CONSTANT_CONVERSION = YES;
				CLANG_WARN_DEPRECATED_OBJC_IMPLEMENTATIONS = YES;
				CLANG_WARN_DIRECT_OBJC_ISA_USAGE = YES_ERROR;
				CLANG_WARN_DOCUMENTATION_COMMENTS = YES;
				CLANG_WARN_EMPTY_BODY = YES;
				CLANG_WARN_ENUM_CONVERSION = YES;
				CLANG_WARN_INFINITE_RECURSION = YES;
				CLANG_WARN_INT_CONVERSION = YES;
				CLANG_WARN_NON_LITERAL_NULL_CONVERSION = YES;
				CLANG_WARN_OBJC_IMPLICIT_RETAIN_SELF = YES;
				CLANG_WARN_OBJC_LITERAL_CONVERSION = YES;
				CLANG_WARN_OBJC_ROOT_CLASS = YES_ERROR;
				CLANG_WARN_QUOTED_INCLUDE_IN_FRAMEWORK_HEADER = YES;
				CLANG_WARN_RANGE_LOOP_ANALYSIS = YES;
				CLANG_WARN_STRICT_PROTOTYPES = YES;
				CLANG_WARN_SUSPICIOUS_MOVE = YES;
				CLANG_WARN_UNGUARDED_AVAILABILITY = YES_AGGRESSIVE;
				CLANG_WARN_UNREACHABLE_CODE = YES;
				CLANG_WARN__DUPLICATE_METHOD_MATCH = YES;
				COPY_PHASE_STRIP = NO;
				DEBUG_INFORMATION_FORMAT = dwarf;
				ENABLE_STRICT_OBJC_MSGSEND = YES;
				ENABLE_TESTABILITY = YES;
				ENABLE_USER_SCRIPT_SANDBOXING = YES;
				GCC_C_LANGUAGE_STANDARD = gnu17;
				GCC_DYNAMIC_NO_PIC = NO;
				GCC_NO_COMMON_BLOCKS = YES;
				GCC_OPTIMIZATION_LEVEL = 0;
				GCC_PREPROCESSOR_DEFINITIONS = (
					"DEBUG=1",
					"$(inherited)",
				);
				GCC_WARN_64_TO_32_BIT_CONVERSION = YES;
				GCC_WARN_ABOUT_RETURN_TYPE = YES_ERROR;
				GCC_WARN_UNDECLARED_SELECTOR = YES;
				GCC_WARN_UNINITIALIZED_AUTOS = YES_AGGRESSIVE;
				GCC_WARN_UNUSED_FUNCTION = YES;
				GCC_WARN_UNUSED_VARIABLE = YES;
				LOCALIZATION_PREFERS_STRING_CATALOGS = YES;
				MACOSX_DEPLOYMENT_TARGET = 14.0;
				MTL_ENABLE_DEBUG_INFO = INCLUDE_SOURCE;
				MTL_FAST_MATH = YES;
				ONLY_ACTIVE_ARCH = YES;
				SDKROOT = macosx;
				SWIFT_ACTIVE_COMPILATION_CONDITIONS = "DEBUG $(inherited)";
				SWIFT_OPTIMIZATION_LEVEL = "-Onone";
			};
			name = Debug;
		};
		D94FF2682AD682C70019F211 /* Release */ = {
			isa = XCBuildConfiguration;
			buildSettings = {
				ALWAYS_SEARCH_USER_PATHS = NO;
				ASSETCATALOG_COMPILER_GENERATE_SWIFT_ASSET_SYMBOL_EXTENSIONS = YES;
				CLANG_ANALYZER_NONNULL = YES;
				CLANG_ANALYZER_NUMBER_OBJECT_CONVERSION = YES_AGGRESSIVE;
				CLANG_CXX_LANGUAGE_STANDARD = "gnu++20";
				CLANG_ENABLE_MODULES = YES;
				CLANG_ENABLE_OBJC_ARC = YES;
				CLANG_ENABLE_OBJC_WEAK = YES;
				CLANG_WARN_BLOCK_CAPTURE_AUTORELEASING = YES;
				CLANG_WARN_BOOL_CONVERSION = YES;
				CLANG_WARN_COMMA = YES;
				CLANG_WARN_CONSTANT_CONVERSION = YES;
				CLANG_WARN_DEPRECATED_OBJC_IMPLEMENTATIONS = YES;
				CLANG_WARN_DIRECT_OBJC_ISA_USAGE = YES_ERROR;
				CLANG_WARN_DOCUMENTATION_COMMENTS = YES;
				CLANG_WARN_EMPTY_BODY = YES;
				CLANG_WARN_ENUM_CONVERSION = YES;
				CLANG_WARN_INFINITE_RECURSION = YES;
				CLANG_WARN_INT_CONVERSION = YES;
				CLANG_WARN_NON_LITERAL_NULL_CONVERSION = YES;
				CLANG_WARN_OBJC_IMPLICIT_RETAIN_SELF = YES;
				CLANG_WARN_OBJC_LITERAL_CONVERSION = YES;
				CLANG_WARN_OBJC_ROOT_CLASS = YES_ERROR;
				CLANG_WARN_QUOTED_INCLUDE_IN_FRAMEWORK_HEADER = YES;
				CLANG_WARN_RANGE_LOOP_ANALYSIS = YES;
				CLANG_WARN_STRICT_PROTOTYPES = YES;
				CLANG_WARN_SUSPICIOUS_MOVE = YES;
				CLANG_WARN_UNGUARDED_AVAILABILITY = YES_AGGRESSIVE;
				CLANG_WARN_UNREACHABLE_CODE = YES;
				CLANG_WARN__DUPLICATE_METHOD_MATCH = YES;
				COPY_PHASE_STRIP = NO;
				DEBUG_INFORMATION_FORMAT = "dwarf-with-dsym";
				ENABLE_NS_ASSERTIONS = NO;
				ENABLE_STRICT_OBJC_MSGSEND = YES;
				ENABLE_USER_SCRIPT_SANDBOXING = YES;
				GCC_C_LANGUAGE_STANDARD = gnu17;
				GCC_NO_COMMON_BLOCKS = YES;
				GCC_WARN_64_TO_32_BIT_CONVERSION = YES;
				GCC_WARN_ABOUT_RETURN_TYPE = YES_ERROR;
				GCC_WARN_UNDECLARED_SELECTOR = YES;
				GCC_WARN_UNINITIALIZED_AUTOS = YES_AGGRESSIVE;
				GCC_WARN_UNUSED_FUNCTION = YES;
				GCC_WARN_UNUSED_VARIABLE = YES;
				LOCALIZATION_PREFERS_STRING_CATALOGS = YES;
				MACOSX_DEPLOYMENT_TARGET = 14.0;
				MTL_ENABLE_DEBUG_INFO = NO;
				MTL_FAST_MATH = YES;
				SDKROOT = macosx;
				SWIFT_COMPILATION_MODE = wholemodule;
			};
			name = Release;
		};
		D94FF26A2AD682C70019F211 /* Debug */ = {
			isa = XCBuildConfiguration;
			buildSettings = {
				ASSETCATALOG_COMPILER_APPICON_NAME = AppIcon;
				ASSETCATALOG_COMPILER_GLOBAL_ACCENT_COLOR_NAME = AccentColor;
				CLANG_ENABLE_MODULES = YES;
				CODE_SIGN_ENTITLEMENTS = Phantom/Phantom.entitlements;
				CODE_SIGN_STYLE = Automatic;
				COMBINE_HIDPI_IMAGES = YES;
				CURRENT_PROJECT_VERSION = 1;
				DEVELOPMENT_ASSET_PATHS = "\"Phantom/Preview Content\"";
				DEVELOPMENT_TEAM = "";
				ENABLE_HARDENED_RUNTIME = YES;
				ENABLE_PREVIEWS = YES;
				GENERATE_INFOPLIST_FILE = YES;
				INFOPLIST_KEY_NSHumanReadableCopyright = "";
				LD_RUNPATH_SEARCH_PATHS = (
					"$(inherited)",
					"@executable_path/../Frameworks",
				);
				MACOSX_DEPLOYMENT_TARGET = 14.0;
				MARKETING_VERSION = 1.0;
				PRODUCT_BUNDLE_IDENTIFIER = TSAR.Phantom;
				PRODUCT_NAME = "$(TARGET_NAME)";
				SWIFT_EMIT_LOC_STRINGS = YES;
				SWIFT_OBJC_BRIDGING_HEADER = "";
				SWIFT_OBJC_INTEROP_MODE = objc;
				SWIFT_OPTIMIZATION_LEVEL = "-Onone";
				SWIFT_PRECOMPILE_BRIDGING_HEADER = YES;
				SWIFT_VERSION = 5.0;
			};
			name = Debug;
		};
		D94FF26B2AD682C70019F211 /* Release */ = {
			isa = XCBuildConfiguration;
			buildSettings = {
				ASSETCATALOG_COMPILER_APPICON_NAME = AppIcon;
				ASSETCATALOG_COMPILER_GLOBAL_ACCENT_COLOR_NAME = AccentColor;
				CLANG_ENABLE_MODULES = YES;
				CODE_SIGN_ENTITLEMENTS = Phantom/Phantom.entitlements;
				CODE_SIGN_STYLE = Automatic;
				COMBINE_HIDPI_IMAGES = YES;
				CURRENT_PROJECT_VERSION = 1;
				DEVELOPMENT_ASSET_PATHS = "\"Phantom/Preview Content\"";
				DEVELOPMENT_TEAM = "";
				ENABLE_HARDENED_RUNTIME = YES;
				ENABLE_PREVIEWS = YES;
				GENERATE_INFOPLIST_FILE = YES;
				INFOPLIST_KEY_NSHumanReadableCopyright = "";
				LD_RUNPATH_SEARCH_PATHS = (
					"$(inherited)",
					"@executable_path/../Frameworks",
				);
				MACOSX_DEPLOYMENT_TARGET = 14.0;
				MARKETING_VERSION = 1.0;
				PRODUCT_BUNDLE_IDENTIFIER = TSAR.Phantom;
				PRODUCT_NAME = "$(TARGET_NAME)";
				SWIFT_EMIT_LOC_STRINGS = YES;
				SWIFT_OBJC_BRIDGING_HEADER = "";
				SWIFT_OBJC_INTEROP_MODE = objc;
				SWIFT_PRECOMPILE_BRIDGING_HEADER = YES;
				SWIFT_VERSION = 5.0;
			};
			name = Release;
		};
/* End XCBuildConfiguration section */

/* Begin XCConfigurationList section */
		D94FF2532AD682C60019F211 /* Build configuration list for PBXProject "Phantom" */ = {
			isa = XCConfigurationList;
			buildConfigurations = (
				D94FF2672AD682C70019F211 /* Debug */,
				D94FF2682AD682C70019F211 /* Release */,
			);
			defaultConfigurationIsVisible = 0;
			defaultConfigurationName = Release;
		};
		D94FF2692AD682C70019F211 /* Build configuration list for PBXNativeTarget "Phantom" */ = {
			isa = XCConfigurationList;
			buildConfigurations = (
				D94FF26A2AD682C70019F211 /* Debug */,
				D94FF26B2AD682C70019F211 /* Release */,
			);
			defaultConfigurationIsVisible = 0;
			defaultConfigurationName = Release;
		};
/* End XCConfigurationList section */
	};
	rootObject = D94FF2502AD682C60019F211 /* Project object */;
}
